// !$*UTF8*$!
{
	archiveVersion = 1;
	classes = {
	};
	objectVersion = 46;
	objects = {

/* Begin PBXBuildFile section */
		94E876B81E45745C00FB96ED /* MSALLoggerTests.m in Sources */ = {isa = PBXBuildFile; fileRef = 94E876B71E45745C00FB96ED /* MSALLoggerTests.m */; };
		94E876B91E45745C00FB96ED /* MSALLoggerTests.m in Sources */ = {isa = PBXBuildFile; fileRef = 94E876B71E45745C00FB96ED /* MSALLoggerTests.m */; };
		94E876BB1E46452A00FB96ED /* MSALStringHelperMethodTests.m in Sources */ = {isa = PBXBuildFile; fileRef = 94E876BA1E46452A00FB96ED /* MSALStringHelperMethodTests.m */; };
		94E876BC1E46452B00FB96ED /* MSALStringHelperMethodTests.m in Sources */ = {isa = PBXBuildFile; fileRef = 94E876BA1E46452A00FB96ED /* MSALStringHelperMethodTests.m */; };
		94E876C21E49187400FB96ED /* MSALTestLogger.m in Sources */ = {isa = PBXBuildFile; fileRef = 94E876C11E49187400FB96ED /* MSALTestLogger.m */; };
		94E876C31E49187400FB96ED /* MSALTestLogger.m in Sources */ = {isa = PBXBuildFile; fileRef = 94E876C11E49187400FB96ED /* MSALTestLogger.m */; };
		94E876C61E492BC300FB96ED /* MSALRequestParameters.h in Headers */ = {isa = PBXBuildFile; fileRef = 94E876C41E492BC300FB96ED /* MSALRequestParameters.h */; };
		94E876C71E492BC300FB96ED /* MSALRequestParameters.m in Sources */ = {isa = PBXBuildFile; fileRef = 94E876C51E492BC300FB96ED /* MSALRequestParameters.m */; };
		94E876CC1E492D6000FB96ED /* MSALAuthority.h in Headers */ = {isa = PBXBuildFile; fileRef = 94E876CA1E492D6000FB96ED /* MSALAuthority.h */; };
		94E876CD1E492D6000FB96ED /* MSALAuthority.m in Sources */ = {isa = PBXBuildFile; fileRef = 94E876CB1E492D6000FB96ED /* MSALAuthority.m */; };
		94E876CE1E492D6000FB96ED /* MSALAuthority.m in Sources */ = {isa = PBXBuildFile; fileRef = 94E876CB1E492D6000FB96ED /* MSALAuthority.m */; };
		94E876D11E49369500FB96ED /* MSALBaseRequest.h in Headers */ = {isa = PBXBuildFile; fileRef = 94E876CF1E49369500FB96ED /* MSALBaseRequest.h */; };
		94E876D21E49369500FB96ED /* MSALBaseRequest.m in Sources */ = {isa = PBXBuildFile; fileRef = 94E876D01E49369500FB96ED /* MSALBaseRequest.m */; };
		94E876D61E49391A00FB96ED /* MSALAuthorizationCodeRequest.h in Headers */ = {isa = PBXBuildFile; fileRef = 94E876D41E49391A00FB96ED /* MSALAuthorizationCodeRequest.h */; };
		94E876D71E49391A00FB96ED /* MSALAuthorizationCodeRequest.m in Sources */ = {isa = PBXBuildFile; fileRef = 94E876D51E49391A00FB96ED /* MSALAuthorizationCodeRequest.m */; };
		94E876DB1E493DC600FB96ED /* MSALInteractiveRequest.h in Headers */ = {isa = PBXBuildFile; fileRef = 94E876D91E493DC600FB96ED /* MSALInteractiveRequest.h */; };
		94E876DC1E493DC600FB96ED /* MSALInteractiveRequest.m in Sources */ = {isa = PBXBuildFile; fileRef = 94E876DA1E493DC600FB96ED /* MSALInteractiveRequest.m */; };
		94E876DF1E495F2700FB96ED /* MSALUIBehavior.h in Headers */ = {isa = PBXBuildFile; fileRef = 94E876DE1E495EE600FB96ED /* MSALUIBehavior.h */; settings = {ATTRIBUTES = (Public, ); }; };
		94E876E01E495F2800FB96ED /* MSALUIBehavior.h in Headers */ = {isa = PBXBuildFile; fileRef = 94E876DE1E495EE600FB96ED /* MSALUIBehavior.h */; settings = {ATTRIBUTES = (Public, ); }; };
		9631D0011E4558770057BE7F /* MSALWebAuthRequest.m in Sources */ = {isa = PBXBuildFile; fileRef = 9631CFF71E4558770057BE7F /* MSALWebAuthRequest.m */; };
		9631D0021E4558770057BE7F /* MSALWebAuthRequest.m in Sources */ = {isa = PBXBuildFile; fileRef = 9631CFF71E4558770057BE7F /* MSALWebAuthRequest.m */; };
		9631D0041E4558770057BE7F /* MSALWebAuthResponse.m in Sources */ = {isa = PBXBuildFile; fileRef = 9631CFF91E4558770057BE7F /* MSALWebAuthResponse.m */; };
		9631D00B1E4558980057BE7F /* MSALHttpRequestTests.m in Sources */ = {isa = PBXBuildFile; fileRef = 9631D0071E4558940057BE7F /* MSALHttpRequestTests.m */; };
		9631D00C1E4558990057BE7F /* MSALHttpRequestTests.m in Sources */ = {isa = PBXBuildFile; fileRef = 9631D0071E4558940057BE7F /* MSALHttpRequestTests.m */; };
		963B4B541E4BAC200025EFC1 /* MSALHttpResponse.m in Sources */ = {isa = PBXBuildFile; fileRef = 963B4B521E4BAC200025EFC1 /* MSALHttpResponse.m */; };
		963B4B551E4BB07A0025EFC1 /* MSALHttpRequest.m in Sources */ = {isa = PBXBuildFile; fileRef = 963B4B501E4BAC200025EFC1 /* MSALHttpRequest.m */; };
		963B4B571E4BB0970025EFC1 /* MSALHttpRequest.m in Sources */ = {isa = PBXBuildFile; fileRef = 963B4B501E4BAC200025EFC1 /* MSALHttpRequest.m */; };
		96C9D93D1E49279D00047B93 /* NSDictionary+MSALExtensions.m in Sources */ = {isa = PBXBuildFile; fileRef = 96C9D93B1E49279D00047B93 /* NSDictionary+MSALExtensions.m */; };
		96C9D93E1E49279D00047B93 /* NSDictionary+MSALExtensions.m in Sources */ = {isa = PBXBuildFile; fileRef = 96C9D93B1E49279D00047B93 /* NSDictionary+MSALExtensions.m */; };
		96D455D31E4AB4DA002C9C3C /* MSALTelemetryEventStrings.h in Headers */ = {isa = PBXBuildFile; fileRef = 96D455D11E4AB4DA002C9C3C /* MSALTelemetryEventStrings.h */; };
		96D455D41E4AB4DA002C9C3C /* MSALTelemetryEventStrings.h in Headers */ = {isa = PBXBuildFile; fileRef = 96D455D11E4AB4DA002C9C3C /* MSALTelemetryEventStrings.h */; };
		96D9A52E1E4A6EEF00674A85 /* MSALTestURLSession.m in Sources */ = {isa = PBXBuildFile; fileRef = 96D9A52D1E4A6EEF00674A85 /* MSALTestURLSession.m */; };
		96D9A52F1E4A6EEF00674A85 /* MSALTestURLSession.m in Sources */ = {isa = PBXBuildFile; fileRef = 96D9A52D1E4A6EEF00674A85 /* MSALTestURLSession.m */; };
		96D9A5321E4A6EFF00674A85 /* MSALTestURLSessionDataTask.m in Sources */ = {isa = PBXBuildFile; fileRef = 96D9A5311E4A6EFF00674A85 /* MSALTestURLSessionDataTask.m */; };
		96D9A5331E4A6EFF00674A85 /* MSALTestURLSessionDataTask.m in Sources */ = {isa = PBXBuildFile; fileRef = 96D9A5311E4A6EFF00674A85 /* MSALTestURLSessionDataTask.m */; };
		96D9A5391E4AA56E00674A85 /* MSALOAuth2Constants.m in Sources */ = {isa = PBXBuildFile; fileRef = 96D9A5371E4AA56800674A85 /* MSALOAuth2Constants.m */; };
		96D9A53A1E4AA56F00674A85 /* MSALOAuth2Constants.m in Sources */ = {isa = PBXBuildFile; fileRef = 96D9A5371E4AA56800674A85 /* MSALOAuth2Constants.m */; };
		96D9A5411E4AACC000674A85 /* MSALOAuth2Constants.m in Sources */ = {isa = PBXBuildFile; fileRef = 96D9A5371E4AA56800674A85 /* MSALOAuth2Constants.m */; };
		96D9A5421E4AACC300674A85 /* MSALOAuth2Constants.m in Sources */ = {isa = PBXBuildFile; fileRef = 96D9A5371E4AA56800674A85 /* MSALOAuth2Constants.m */; };
		96D9A5441E4AB1DC00674A85 /* MSALTelemetry.h in Headers */ = {isa = PBXBuildFile; fileRef = 96D9A5431E4AB1DC00674A85 /* MSALTelemetry.h */; };
		96D9A5451E4AB1DC00674A85 /* MSALTelemetry.h in Headers */ = {isa = PBXBuildFile; fileRef = 96D9A5431E4AB1DC00674A85 /* MSALTelemetry.h */; };
		96D9A54A1E4AB23100674A85 /* MSALTelemetry.m in Sources */ = {isa = PBXBuildFile; fileRef = 96D9A5471E4AB22900674A85 /* MSALTelemetry.m */; };
		96D9A54B1E4AB23200674A85 /* MSALTelemetry.m in Sources */ = {isa = PBXBuildFile; fileRef = 96D9A5471E4AB22900674A85 /* MSALTelemetry.m */; };
		D65A6F881E3FF3D900C69FBA /* MSALKeychainTokenCache.m in Sources */ = {isa = PBXBuildFile; fileRef = D65A6F6A1E3FF3D900C69FBA /* MSALKeychainTokenCache.m */; };
		D65A6F8B1E3FF3D900C69FBA /* MSALBaseCacheItem.m in Sources */ = {isa = PBXBuildFile; fileRef = D65A6F6C1E3FF3D900C69FBA /* MSALBaseCacheItem.m */; };
		D65A6F8E1E3FF3D900C69FBA /* MSALRefreshTokenCacheItem.m in Sources */ = {isa = PBXBuildFile; fileRef = D65A6F6E1E3FF3D900C69FBA /* MSALRefreshTokenCacheItem.m */; };
		D65A6F911E3FF3D900C69FBA /* MSALTokenCacheItem.m in Sources */ = {isa = PBXBuildFile; fileRef = D65A6F701E3FF3D900C69FBA /* MSALTokenCacheItem.m */; };
		D65A6F941E3FF3D900C69FBA /* MSALTokenCacheKey.m in Sources */ = {isa = PBXBuildFile; fileRef = D65A6F721E3FF3D900C69FBA /* MSALTokenCacheKey.m */; };
		D65A6F971E3FF3D900C69FBA /* MSALError.m in Sources */ = {isa = PBXBuildFile; fileRef = D65A6F741E3FF3D900C69FBA /* MSALError.m */; };
		D65A6F9A1E3FF3D900C69FBA /* MSALJsonObject.m in Sources */ = {isa = PBXBuildFile; fileRef = D65A6F761E3FF3D900C69FBA /* MSALJsonObject.m */; };
		D65A6F9C1E3FF3D900C69FBA /* MSALLogger.m in Sources */ = {isa = PBXBuildFile; fileRef = D65A6F771E3FF3D900C69FBA /* MSALLogger.m */; };
		D65A6F9E1E3FF3D900C69FBA /* MSALPublicClientApplication.m in Sources */ = {isa = PBXBuildFile; fileRef = D65A6F781E3FF3D900C69FBA /* MSALPublicClientApplication.m */; };
		D65A6FA01E3FF3D900C69FBA /* MSALResult.m in Sources */ = {isa = PBXBuildFile; fileRef = D65A6F791E3FF3D900C69FBA /* MSALResult.m */; };
		D65A6FA21E3FF3D900C69FBA /* MSALUser.m in Sources */ = {isa = PBXBuildFile; fileRef = D65A6F7A1E3FF3D900C69FBA /* MSALUser.m */; };
		D65A6FA31E3FF3D900C69FBA /* MSALUser.m in Sources */ = {isa = PBXBuildFile; fileRef = D65A6F7A1E3FF3D900C69FBA /* MSALUser.m */; };
		D65A6FA51E3FF3D900C69FBA /* MSALOAuth2ResponseBase.m in Sources */ = {isa = PBXBuildFile; fileRef = D65A6F7D1E3FF3D900C69FBA /* MSALOAuth2ResponseBase.m */; };
		D65A6FA81E3FF3D900C69FBA /* MSAL.h in Headers */ = {isa = PBXBuildFile; fileRef = D65A6F811E3FF3D900C69FBA /* MSAL.h */; settings = {ATTRIBUTES = (Public, ); }; };
		D65A6FA91E3FF3D900C69FBA /* MSALError.h in Headers */ = {isa = PBXBuildFile; fileRef = D65A6F821E3FF3D900C69FBA /* MSALError.h */; settings = {ATTRIBUTES = (Public, ); }; };
		D65A6FAA1E3FF3D900C69FBA /* MSALLogger.h in Headers */ = {isa = PBXBuildFile; fileRef = D65A6F831E3FF3D900C69FBA /* MSALLogger.h */; settings = {ATTRIBUTES = (Public, ); }; };
		D65A6FAB1E3FF3D900C69FBA /* MSALPublicClientApplication.h in Headers */ = {isa = PBXBuildFile; fileRef = D65A6F841E3FF3D900C69FBA /* MSALPublicClientApplication.h */; settings = {ATTRIBUTES = (Public, ); }; };
		D65A6FAC1E3FF3D900C69FBA /* MSALResult.h in Headers */ = {isa = PBXBuildFile; fileRef = D65A6F851E3FF3D900C69FBA /* MSALResult.h */; settings = {ATTRIBUTES = (Public, ); }; };
		D65A6FAD1E3FF3D900C69FBA /* MSALUser.h in Headers */ = {isa = PBXBuildFile; fileRef = D65A6F861E3FF3D900C69FBA /* MSALUser.h */; settings = {ATTRIBUTES = (Public, ); }; };
		D65A6FB01E3FF41500C69FBA /* MSALKeychainTokenCache.h in Headers */ = {isa = PBXBuildFile; fileRef = D65A6F801E3FF3D900C69FBA /* MSALKeychainTokenCache.h */; settings = {ATTRIBUTES = (Public, ); }; };
		D65A6FB11E3FF41D00C69FBA /* MSAL.h in Headers */ = {isa = PBXBuildFile; fileRef = D65A6F811E3FF3D900C69FBA /* MSAL.h */; settings = {ATTRIBUTES = (Public, ); }; };
		D65A6FB21E3FF41D00C69FBA /* MSALError.h in Headers */ = {isa = PBXBuildFile; fileRef = D65A6F821E3FF3D900C69FBA /* MSALError.h */; settings = {ATTRIBUTES = (Public, ); }; };
		D65A6FB31E3FF41D00C69FBA /* MSALLogger.h in Headers */ = {isa = PBXBuildFile; fileRef = D65A6F831E3FF3D900C69FBA /* MSALLogger.h */; settings = {ATTRIBUTES = (Public, ); }; };
		D65A6FB41E3FF41D00C69FBA /* MSALPublicClientApplication.h in Headers */ = {isa = PBXBuildFile; fileRef = D65A6F841E3FF3D900C69FBA /* MSALPublicClientApplication.h */; settings = {ATTRIBUTES = (Public, ); }; };
		D65A6FB51E3FF41D00C69FBA /* MSALResult.h in Headers */ = {isa = PBXBuildFile; fileRef = D65A6F851E3FF3D900C69FBA /* MSALResult.h */; settings = {ATTRIBUTES = (Public, ); }; };
		D65A6FB61E3FF41D00C69FBA /* MSALUser.h in Headers */ = {isa = PBXBuildFile; fileRef = D65A6F861E3FF3D900C69FBA /* MSALUser.h */; settings = {ATTRIBUTES = (Public, ); }; };
		D65A6FC61E3FF47E00C69FBA /* libMSAL.a in Frameworks */ = {isa = PBXBuildFile; fileRef = D6DFF3A21E2579360012891A /* libMSAL.a */; };
		D65A6FD51E3FF49C00C69FBA /* MSAL.framework in Frameworks */ = {isa = PBXBuildFile; fileRef = D65A6F501E3FD32D00C69FBA /* MSAL.framework */; };
		D65A6FE41E3FF73600C69FBA /* MSALJsonObjectTests.m in Sources */ = {isa = PBXBuildFile; fileRef = D65A6FE31E3FF73600C69FBA /* MSALJsonObjectTests.m */; };
		D673F0711E4411A00018BA91 /* NSString+MSALHelperMethods.m in Sources */ = {isa = PBXBuildFile; fileRef = D673F0701E4411960018BA91 /* NSString+MSALHelperMethods.m */; };
		D673F0791E4A633B0018BA91 /* MSALError_Internal.h in Headers */ = {isa = PBXBuildFile; fileRef = D673F0771E4A633B0018BA91 /* MSALError_Internal.h */; };
		D673F07A1E4A633B0018BA91 /* MSALError_Internal.m in Sources */ = {isa = PBXBuildFile; fileRef = D673F0781E4A633B0018BA91 /* MSALError_Internal.m */; };
		D673F07D1E4AAB0D0018BA91 /* MSALPublicClientApplicationTests.m in Sources */ = {isa = PBXBuildFile; fileRef = D673F07C1E4AAB0D0018BA91 /* MSALPublicClientApplicationTests.m */; };
		D673F0811E4B9A380018BA91 /* MSALTestBundle.m in Sources */ = {isa = PBXBuildFile; fileRef = D673F0801E4B9A380018BA91 /* MSALTestBundle.m */; };
		D673F0841E4BA4540018BA91 /* MSALTestCase.m in Sources */ = {isa = PBXBuildFile; fileRef = D673F0831E4BA4540018BA91 /* MSALTestCase.m */; };
		D673F08D1E4CE6D70018BA91 /* NSString+MSALHelperMethods.m in Sources */ = {isa = PBXBuildFile; fileRef = D673F0701E4411960018BA91 /* NSString+MSALHelperMethods.m */; };
		D673F08E1E4CE6D70018BA91 /* MSALError_Internal.m in Sources */ = {isa = PBXBuildFile; fileRef = D673F0781E4A633B0018BA91 /* MSALError_Internal.m */; };
		D673F08F1E4CE6D70018BA91 /* MSALError.m in Sources */ = {isa = PBXBuildFile; fileRef = D65A6F741E3FF3D900C69FBA /* MSALError.m */; };
		D673F0901E4CE6D70018BA91 /* MSALJsonObject.m in Sources */ = {isa = PBXBuildFile; fileRef = D65A6F761E3FF3D900C69FBA /* MSALJsonObject.m */; };
		D673F0911E4CE6D70018BA91 /* MSALLogger.m in Sources */ = {isa = PBXBuildFile; fileRef = D65A6F771E3FF3D900C69FBA /* MSALLogger.m */; };
		D673F0921E4CE6D70018BA91 /* MSALPublicClientApplication.m in Sources */ = {isa = PBXBuildFile; fileRef = D65A6F781E3FF3D900C69FBA /* MSALPublicClientApplication.m */; };
		D673F0931E4CE6D70018BA91 /* MSALResult.m in Sources */ = {isa = PBXBuildFile; fileRef = D65A6F791E3FF3D900C69FBA /* MSALResult.m */; };
		D673F0951E4CE6DB0018BA91 /* MSALRequestParameters.m in Sources */ = {isa = PBXBuildFile; fileRef = 94E876C51E492BC300FB96ED /* MSALRequestParameters.m */; };
		D673F0961E4CE6DB0018BA91 /* MSALBaseRequest.m in Sources */ = {isa = PBXBuildFile; fileRef = 94E876D01E49369500FB96ED /* MSALBaseRequest.m */; };
		D673F0971E4CE6DB0018BA91 /* MSALAuthorizationCodeRequest.m in Sources */ = {isa = PBXBuildFile; fileRef = 94E876D51E49391A00FB96ED /* MSALAuthorizationCodeRequest.m */; };
		D673F0981E4CE6DB0018BA91 /* MSALInteractiveRequest.m in Sources */ = {isa = PBXBuildFile; fileRef = 94E876DA1E493DC600FB96ED /* MSALInteractiveRequest.m */; };
		D673F0991E4CE6DE0018BA91 /* MSALOAuth2ResponseBase.m in Sources */ = {isa = PBXBuildFile; fileRef = D65A6F7D1E3FF3D900C69FBA /* MSALOAuth2ResponseBase.m */; };
		D673F09A1E4CE6E40018BA91 /* MSALBaseCacheItem.m in Sources */ = {isa = PBXBuildFile; fileRef = D65A6F6C1E3FF3D900C69FBA /* MSALBaseCacheItem.m */; };
		D673F09B1E4CE6E40018BA91 /* MSALRefreshTokenCacheItem.m in Sources */ = {isa = PBXBuildFile; fileRef = D65A6F6E1E3FF3D900C69FBA /* MSALRefreshTokenCacheItem.m */; };
		D673F09C1E4CE6E40018BA91 /* MSALTokenCacheItem.m in Sources */ = {isa = PBXBuildFile; fileRef = D65A6F701E3FF3D900C69FBA /* MSALTokenCacheItem.m */; };
		D673F09D1E4CE6E40018BA91 /* MSALTokenCacheKey.m in Sources */ = {isa = PBXBuildFile; fileRef = D65A6F721E3FF3D900C69FBA /* MSALTokenCacheKey.m */; };
		D673F09E1E4D41E80018BA91 /* MSALPkeyAuthHelper.m in Sources */ = {isa = PBXBuildFile; fileRef = 96C9D9411E49553100047B93 /* MSALPkeyAuthHelper.m */; };
		D673F09F1E4D422D0018BA91 /* MSALTelemetryEventStrings.m in Sources */ = {isa = PBXBuildFile; fileRef = 96D455D21E4AB4DA002C9C3C /* MSALTelemetryEventStrings.m */; };
		D673F0A01E4D422F0018BA91 /* MSALTelemetryEventStrings.m in Sources */ = {isa = PBXBuildFile; fileRef = 96D455D21E4AB4DA002C9C3C /* MSALTelemetryEventStrings.m */; };
		D673F0A21E4D42620018BA91 /* MSALHttpResponse.m in Sources */ = {isa = PBXBuildFile; fileRef = 963B4B521E4BAC200025EFC1 /* MSALHttpResponse.m */; };
		D673F0A31E4D426B0018BA91 /* MSALWebAuthResponse.m in Sources */ = {isa = PBXBuildFile; fileRef = 9631CFF91E4558770057BE7F /* MSALWebAuthResponse.m */; };
		D673F0A41E4D42FE0018BA91 /* MSALTestCase.m in Sources */ = {isa = PBXBuildFile; fileRef = D673F0831E4BA4540018BA91 /* MSALTestCase.m */; };
		D673F0A51E4D430F0018BA91 /* MSALTestBundle.m in Sources */ = {isa = PBXBuildFile; fileRef = D673F0801E4B9A380018BA91 /* MSALTestBundle.m */; };
/* End PBXBuildFile section */

/* Begin PBXContainerItemProxy section */
		D65A6F581E3FD48600C69FBA /* PBXContainerItemProxy */ = {
			isa = PBXContainerItemProxy;
			containerPortal = D6DFF39A1E2579360012891A /* Project object */;
			proxyType = 1;
			remoteGlobalIDString = D6DFF3A11E2579360012891A;
			remoteInfo = "MSAL (iOS Static Lib)";
		};
		D65A6FC71E3FF47E00C69FBA /* PBXContainerItemProxy */ = {
			isa = PBXContainerItemProxy;
			containerPortal = D6DFF39A1E2579360012891A /* Project object */;
			proxyType = 1;
			remoteGlobalIDString = D6DFF3A11E2579360012891A;
			remoteInfo = "MSAL (iOS Static Lib)";
		};
		D65A6FD61E3FF49C00C69FBA /* PBXContainerItemProxy */ = {
			isa = PBXContainerItemProxy;
			containerPortal = D6DFF39A1E2579360012891A /* Project object */;
			proxyType = 1;
			remoteGlobalIDString = D65A6F4F1E3FD32D00C69FBA;
			remoteInfo = "MSAL (Mac Framework)";
		};
/* End PBXContainerItemProxy section */

/* Begin PBXCopyFilesBuildPhase section */
		D6DFF3A01E2579360012891A /* CopyFiles */ = {
			isa = PBXCopyFilesBuildPhase;
			buildActionMask = 2147483647;
			dstPath = "include/$(PRODUCT_NAME)";
			dstSubfolderSpec = 16;
			files = (
			);
			runOnlyForDeploymentPostprocessing = 0;
		};
/* End PBXCopyFilesBuildPhase section */

/* Begin PBXFileReference section */
		94E876B01E4556B400FB96ED /* MSAL.pch */ = {isa = PBXFileReference; lastKnownFileType = sourcecode.c.h; path = MSAL.pch; sourceTree = "<group>"; };
		94E876B71E45745C00FB96ED /* MSALLoggerTests.m */ = {isa = PBXFileReference; fileEncoding = 4; lastKnownFileType = sourcecode.c.objc; path = MSALLoggerTests.m; sourceTree = "<group>"; };
		94E876BA1E46452A00FB96ED /* MSALStringHelperMethodTests.m */ = {isa = PBXFileReference; fileEncoding = 4; lastKnownFileType = sourcecode.c.objc; path = MSALStringHelperMethodTests.m; sourceTree = "<group>"; };
		94E876C01E49187400FB96ED /* MSALTestLogger.h */ = {isa = PBXFileReference; fileEncoding = 4; lastKnownFileType = sourcecode.c.h; path = MSALTestLogger.h; sourceTree = "<group>"; };
		94E876C11E49187400FB96ED /* MSALTestLogger.m */ = {isa = PBXFileReference; fileEncoding = 4; lastKnownFileType = sourcecode.c.objc; path = MSALTestLogger.m; sourceTree = "<group>"; };
		94E876C41E492BC300FB96ED /* MSALRequestParameters.h */ = {isa = PBXFileReference; fileEncoding = 4; lastKnownFileType = sourcecode.c.h; path = MSALRequestParameters.h; sourceTree = "<group>"; };
		94E876C51E492BC300FB96ED /* MSALRequestParameters.m */ = {isa = PBXFileReference; fileEncoding = 4; lastKnownFileType = sourcecode.c.objc; path = MSALRequestParameters.m; sourceTree = "<group>"; };
		94E876CA1E492D6000FB96ED /* MSALAuthority.h */ = {isa = PBXFileReference; fileEncoding = 4; lastKnownFileType = sourcecode.c.h; path = MSALAuthority.h; sourceTree = "<group>"; };
		94E876CB1E492D6000FB96ED /* MSALAuthority.m */ = {isa = PBXFileReference; fileEncoding = 4; lastKnownFileType = sourcecode.c.objc; path = MSALAuthority.m; sourceTree = "<group>"; };
		94E876CF1E49369500FB96ED /* MSALBaseRequest.h */ = {isa = PBXFileReference; fileEncoding = 4; lastKnownFileType = sourcecode.c.h; path = MSALBaseRequest.h; sourceTree = "<group>"; };
		94E876D01E49369500FB96ED /* MSALBaseRequest.m */ = {isa = PBXFileReference; fileEncoding = 4; lastKnownFileType = sourcecode.c.objc; path = MSALBaseRequest.m; sourceTree = "<group>"; };
		94E876D41E49391A00FB96ED /* MSALAuthorizationCodeRequest.h */ = {isa = PBXFileReference; fileEncoding = 4; lastKnownFileType = sourcecode.c.h; path = MSALAuthorizationCodeRequest.h; sourceTree = "<group>"; };
		94E876D51E49391A00FB96ED /* MSALAuthorizationCodeRequest.m */ = {isa = PBXFileReference; fileEncoding = 4; lastKnownFileType = sourcecode.c.objc; path = MSALAuthorizationCodeRequest.m; sourceTree = "<group>"; };
		94E876D91E493DC600FB96ED /* MSALInteractiveRequest.h */ = {isa = PBXFileReference; fileEncoding = 4; lastKnownFileType = sourcecode.c.h; path = MSALInteractiveRequest.h; sourceTree = "<group>"; };
		94E876DA1E493DC600FB96ED /* MSALInteractiveRequest.m */ = {isa = PBXFileReference; fileEncoding = 4; lastKnownFileType = sourcecode.c.objc; path = MSALInteractiveRequest.m; sourceTree = "<group>"; };
		94E876DE1E495EE600FB96ED /* MSALUIBehavior.h */ = {isa = PBXFileReference; lastKnownFileType = sourcecode.c.h; path = MSALUIBehavior.h; sourceTree = "<group>"; };
		9631CFF61E4558770057BE7F /* MSALWebAuthRequest.h */ = {isa = PBXFileReference; fileEncoding = 4; lastKnownFileType = sourcecode.c.h; path = MSALWebAuthRequest.h; sourceTree = "<group>"; };
		9631CFF71E4558770057BE7F /* MSALWebAuthRequest.m */ = {isa = PBXFileReference; fileEncoding = 4; lastKnownFileType = sourcecode.c.objc; path = MSALWebAuthRequest.m; sourceTree = "<group>"; };
		9631CFF81E4558770057BE7F /* MSALWebAuthResponse.h */ = {isa = PBXFileReference; fileEncoding = 4; lastKnownFileType = sourcecode.c.h; path = MSALWebAuthResponse.h; sourceTree = "<group>"; };
		9631CFF91E4558770057BE7F /* MSALWebAuthResponse.m */ = {isa = PBXFileReference; fileEncoding = 4; lastKnownFileType = sourcecode.c.objc; path = MSALWebAuthResponse.m; sourceTree = "<group>"; };
		9631D0071E4558940057BE7F /* MSALHttpRequestTests.m */ = {isa = PBXFileReference; fileEncoding = 4; lastKnownFileType = sourcecode.c.objc; path = MSALHttpRequestTests.m; sourceTree = "<group>"; };
		963B4B4F1E4BAC200025EFC1 /* MSALHttpRequest.h */ = {isa = PBXFileReference; fileEncoding = 4; lastKnownFileType = sourcecode.c.h; path = MSALHttpRequest.h; sourceTree = "<group>"; };
		963B4B501E4BAC200025EFC1 /* MSALHttpRequest.m */ = {isa = PBXFileReference; fileEncoding = 4; lastKnownFileType = sourcecode.c.objc; path = MSALHttpRequest.m; sourceTree = "<group>"; };
		963B4B511E4BAC200025EFC1 /* MSALHttpResponse.h */ = {isa = PBXFileReference; fileEncoding = 4; lastKnownFileType = sourcecode.c.h; path = MSALHttpResponse.h; sourceTree = "<group>"; };
		963B4B521E4BAC200025EFC1 /* MSALHttpResponse.m */ = {isa = PBXFileReference; fileEncoding = 4; lastKnownFileType = sourcecode.c.objc; path = MSALHttpResponse.m; sourceTree = "<group>"; };
		96C9D93A1E49279D00047B93 /* NSDictionary+MSALExtensions.h */ = {isa = PBXFileReference; fileEncoding = 4; lastKnownFileType = sourcecode.c.h; path = "NSDictionary+MSALExtensions.h"; sourceTree = "<group>"; };
		96C9D93B1E49279D00047B93 /* NSDictionary+MSALExtensions.m */ = {isa = PBXFileReference; fileEncoding = 4; lastKnownFileType = sourcecode.c.objc; path = "NSDictionary+MSALExtensions.m"; sourceTree = "<group>"; };
		96D455D11E4AB4DA002C9C3C /* MSALTelemetryEventStrings.h */ = {isa = PBXFileReference; fileEncoding = 4; lastKnownFileType = sourcecode.c.h; path = MSALTelemetryEventStrings.h; sourceTree = "<group>"; };
		96D455D21E4AB4DA002C9C3C /* MSALTelemetryEventStrings.m */ = {isa = PBXFileReference; fileEncoding = 4; lastKnownFileType = sourcecode.c.objc; path = MSALTelemetryEventStrings.m; sourceTree = "<group>"; };
		96D9A52C1E4A6EEF00674A85 /* MSALTestURLSession.h */ = {isa = PBXFileReference; fileEncoding = 4; lastKnownFileType = sourcecode.c.h; path = MSALTestURLSession.h; sourceTree = "<group>"; };
		96D9A52D1E4A6EEF00674A85 /* MSALTestURLSession.m */ = {isa = PBXFileReference; fileEncoding = 4; lastKnownFileType = sourcecode.c.objc; path = MSALTestURLSession.m; sourceTree = "<group>"; };
		96D9A5301E4A6EFF00674A85 /* MSALTestURLSessionDataTask.h */ = {isa = PBXFileReference; fileEncoding = 4; lastKnownFileType = sourcecode.c.h; path = MSALTestURLSessionDataTask.h; sourceTree = "<group>"; };
		96D9A5311E4A6EFF00674A85 /* MSALTestURLSessionDataTask.m */ = {isa = PBXFileReference; fileEncoding = 4; lastKnownFileType = sourcecode.c.objc; path = MSALTestURLSessionDataTask.m; sourceTree = "<group>"; };
		96D9A5361E4AA56800674A85 /* MSALOAuth2Constants.h */ = {isa = PBXFileReference; fileEncoding = 4; lastKnownFileType = sourcecode.c.h; path = MSALOAuth2Constants.h; sourceTree = "<group>"; };
		96D9A5371E4AA56800674A85 /* MSALOAuth2Constants.m */ = {isa = PBXFileReference; fileEncoding = 4; lastKnownFileType = sourcecode.c.objc; path = MSALOAuth2Constants.m; sourceTree = "<group>"; };
		96D9A5431E4AB1DC00674A85 /* MSALTelemetry.h */ = {isa = PBXFileReference; fileEncoding = 4; lastKnownFileType = sourcecode.c.h; path = MSALTelemetry.h; sourceTree = "<group>"; };
		96D9A5471E4AB22900674A85 /* MSALTelemetry.m */ = {isa = PBXFileReference; fileEncoding = 4; lastKnownFileType = sourcecode.c.objc; path = MSALTelemetry.m; sourceTree = "<group>"; };
		96D9A54C1E4AB3BD00674A85 /* MSALTelemetry+Internal.h */ = {isa = PBXFileReference; lastKnownFileType = sourcecode.c.h; path = "MSALTelemetry+Internal.h"; sourceTree = "<group>"; };
		D65A6F431E3FD30A00C69FBA /* MSAL.framework */ = {isa = PBXFileReference; explicitFileType = wrapper.framework; includeInIndex = 0; path = MSAL.framework; sourceTree = BUILT_PRODUCTS_DIR; };
		D65A6F501E3FD32D00C69FBA /* MSAL.framework */ = {isa = PBXFileReference; explicitFileType = wrapper.framework; includeInIndex = 0; path = MSAL.framework; sourceTree = BUILT_PRODUCTS_DIR; };
		D65A6F6A1E3FF3D900C69FBA /* MSALKeychainTokenCache.m */ = {isa = PBXFileReference; fileEncoding = 4; lastKnownFileType = sourcecode.c.objc; path = MSALKeychainTokenCache.m; sourceTree = "<group>"; };
		D65A6F6B1E3FF3D900C69FBA /* MSALBaseCacheItem.h */ = {isa = PBXFileReference; fileEncoding = 4; lastKnownFileType = sourcecode.c.h; path = MSALBaseCacheItem.h; sourceTree = "<group>"; };
		D65A6F6C1E3FF3D900C69FBA /* MSALBaseCacheItem.m */ = {isa = PBXFileReference; fileEncoding = 4; lastKnownFileType = sourcecode.c.objc; path = MSALBaseCacheItem.m; sourceTree = "<group>"; };
		D65A6F6D1E3FF3D900C69FBA /* MSALRefreshTokenCacheItem.h */ = {isa = PBXFileReference; fileEncoding = 4; lastKnownFileType = sourcecode.c.h; path = MSALRefreshTokenCacheItem.h; sourceTree = "<group>"; };
		D65A6F6E1E3FF3D900C69FBA /* MSALRefreshTokenCacheItem.m */ = {isa = PBXFileReference; fileEncoding = 4; lastKnownFileType = sourcecode.c.objc; path = MSALRefreshTokenCacheItem.m; sourceTree = "<group>"; };
		D65A6F6F1E3FF3D900C69FBA /* MSALTokenCacheItem.h */ = {isa = PBXFileReference; fileEncoding = 4; lastKnownFileType = sourcecode.c.h; path = MSALTokenCacheItem.h; sourceTree = "<group>"; };
		D65A6F701E3FF3D900C69FBA /* MSALTokenCacheItem.m */ = {isa = PBXFileReference; fileEncoding = 4; lastKnownFileType = sourcecode.c.objc; path = MSALTokenCacheItem.m; sourceTree = "<group>"; };
		D65A6F711E3FF3D900C69FBA /* MSALTokenCacheKey.h */ = {isa = PBXFileReference; fileEncoding = 4; lastKnownFileType = sourcecode.c.h; path = MSALTokenCacheKey.h; sourceTree = "<group>"; };
		D65A6F721E3FF3D900C69FBA /* MSALTokenCacheKey.m */ = {isa = PBXFileReference; fileEncoding = 4; lastKnownFileType = sourcecode.c.objc; path = MSALTokenCacheKey.m; sourceTree = "<group>"; };
		D65A6F731E3FF3D900C69FBA /* MSAL_Internal.h */ = {isa = PBXFileReference; fileEncoding = 4; lastKnownFileType = sourcecode.c.h; path = MSAL_Internal.h; sourceTree = "<group>"; };
		D65A6F741E3FF3D900C69FBA /* MSALError.m */ = {isa = PBXFileReference; fileEncoding = 4; lastKnownFileType = sourcecode.c.objc; path = MSALError.m; sourceTree = "<group>"; };
		D65A6F751E3FF3D900C69FBA /* MSALJsonObject.h */ = {isa = PBXFileReference; fileEncoding = 4; lastKnownFileType = sourcecode.c.h; path = MSALJsonObject.h; sourceTree = "<group>"; };
		D65A6F761E3FF3D900C69FBA /* MSALJsonObject.m */ = {isa = PBXFileReference; fileEncoding = 4; lastKnownFileType = sourcecode.c.objc; path = MSALJsonObject.m; sourceTree = "<group>"; };
		D65A6F771E3FF3D900C69FBA /* MSALLogger.m */ = {isa = PBXFileReference; fileEncoding = 4; lastKnownFileType = sourcecode.c.objc; path = MSALLogger.m; sourceTree = "<group>"; };
		D65A6F781E3FF3D900C69FBA /* MSALPublicClientApplication.m */ = {isa = PBXFileReference; fileEncoding = 4; lastKnownFileType = sourcecode.c.objc; path = MSALPublicClientApplication.m; sourceTree = "<group>"; };
		D65A6F791E3FF3D900C69FBA /* MSALResult.m */ = {isa = PBXFileReference; fileEncoding = 4; lastKnownFileType = sourcecode.c.objc; path = MSALResult.m; sourceTree = "<group>"; };
		D65A6F7A1E3FF3D900C69FBA /* MSALUser.m */ = {isa = PBXFileReference; fileEncoding = 4; lastKnownFileType = sourcecode.c.objc; path = MSALUser.m; sourceTree = "<group>"; };
		D65A6F7C1E3FF3D900C69FBA /* MSALOAuth2ResponseBase.h */ = {isa = PBXFileReference; fileEncoding = 4; lastKnownFileType = sourcecode.c.h; path = MSALOAuth2ResponseBase.h; sourceTree = "<group>"; };
		D65A6F7D1E3FF3D900C69FBA /* MSALOAuth2ResponseBase.m */ = {isa = PBXFileReference; fileEncoding = 4; lastKnownFileType = sourcecode.c.objc; path = MSALOAuth2ResponseBase.m; sourceTree = "<group>"; };
		D65A6F801E3FF3D900C69FBA /* MSALKeychainTokenCache.h */ = {isa = PBXFileReference; fileEncoding = 4; lastKnownFileType = sourcecode.c.h; path = MSALKeychainTokenCache.h; sourceTree = "<group>"; };
		D65A6F811E3FF3D900C69FBA /* MSAL.h */ = {isa = PBXFileReference; fileEncoding = 4; lastKnownFileType = sourcecode.c.h; path = MSAL.h; sourceTree = "<group>"; };
		D65A6F821E3FF3D900C69FBA /* MSALError.h */ = {isa = PBXFileReference; fileEncoding = 4; lastKnownFileType = sourcecode.c.h; path = MSALError.h; sourceTree = "<group>"; };
		D65A6F831E3FF3D900C69FBA /* MSALLogger.h */ = {isa = PBXFileReference; fileEncoding = 4; lastKnownFileType = sourcecode.c.h; path = MSALLogger.h; sourceTree = "<group>"; };
		D65A6F841E3FF3D900C69FBA /* MSALPublicClientApplication.h */ = {isa = PBXFileReference; fileEncoding = 4; lastKnownFileType = sourcecode.c.h; path = MSALPublicClientApplication.h; sourceTree = "<group>"; };
		D65A6F851E3FF3D900C69FBA /* MSALResult.h */ = {isa = PBXFileReference; fileEncoding = 4; lastKnownFileType = sourcecode.c.h; path = MSALResult.h; sourceTree = "<group>"; };
		D65A6F861E3FF3D900C69FBA /* MSALUser.h */ = {isa = PBXFileReference; fileEncoding = 4; lastKnownFileType = sourcecode.c.h; path = MSALUser.h; sourceTree = "<group>"; };
		D65A6FB91E3FF44A00C69FBA /* Info.plist */ = {isa = PBXFileReference; lastKnownFileType = text.plist.xml; path = Info.plist; sourceTree = "<group>"; };
		D65A6FBB1E3FF44A00C69FBA /* Info.plist */ = {isa = PBXFileReference; lastKnownFileType = text.plist.xml; path = Info.plist; sourceTree = "<group>"; };
		D65A6FC11E3FF47D00C69FBA /* "MSAL-iOS-Unit-Tests".xctest */ = {isa = PBXFileReference; explicitFileType = wrapper.cfbundle; includeInIndex = 0; path = "\"MSAL-iOS-Unit-Tests\".xctest"; sourceTree = BUILT_PRODUCTS_DIR; };
		D65A6FD01E3FF49C00C69FBA /* "MSAL-Mac-Unit-Tests".xctest */ = {isa = PBXFileReference; explicitFileType = wrapper.cfbundle; includeInIndex = 0; path = "\"MSAL-Mac-Unit-Tests\".xctest"; sourceTree = BUILT_PRODUCTS_DIR; };
		D65A6FE01E3FF71000C69FBA /* Info.plist */ = {isa = PBXFileReference; lastKnownFileType = text.plist.xml; path = Info.plist; sourceTree = "<group>"; };
		D65A6FE21E3FF71000C69FBA /* Info.plist */ = {isa = PBXFileReference; lastKnownFileType = text.plist.xml; path = Info.plist; sourceTree = "<group>"; };
		D65A6FE31E3FF73600C69FBA /* MSALJsonObjectTests.m */ = {isa = PBXFileReference; fileEncoding = 4; lastKnownFileType = sourcecode.c.objc; path = MSALJsonObjectTests.m; sourceTree = "<group>"; };
		D65A6FE61E3FFFD300C69FBA /* msal__ios__common.xcconfig */ = {isa = PBXFileReference; lastKnownFileType = text.xcconfig; path = msal__ios__common.xcconfig; sourceTree = "<group>"; };
		D65A6FE71E40002800C69FBA /* msal__ios__framework.xcconfig */ = {isa = PBXFileReference; lastKnownFileType = text.xcconfig; path = msal__ios__framework.xcconfig; sourceTree = "<group>"; };
		D65A6FE81E40002800C69FBA /* msal__ios__static_lib.xcconfig */ = {isa = PBXFileReference; lastKnownFileType = text.xcconfig; path = msal__ios__static_lib.xcconfig; sourceTree = "<group>"; };
		D65A6FE91E40002800C69FBA /* msal__ios__unit_test.xcconfig */ = {isa = PBXFileReference; lastKnownFileType = text.xcconfig; path = msal__ios__unit_test.xcconfig; sourceTree = "<group>"; };
		D65A6FEA1E40002800C69FBA /* msal__mac__common.xcconfig */ = {isa = PBXFileReference; lastKnownFileType = text.xcconfig; path = msal__mac__common.xcconfig; sourceTree = "<group>"; };
		D65A6FEB1E40002800C69FBA /* msal__mac__framework.xcconfig */ = {isa = PBXFileReference; lastKnownFileType = text.xcconfig; path = msal__mac__framework.xcconfig; sourceTree = "<group>"; };
		D65A6FEC1E40002800C69FBA /* msal__mac__unit_test.xcconfig */ = {isa = PBXFileReference; lastKnownFileType = text.xcconfig; path = msal__mac__unit_test.xcconfig; sourceTree = "<group>"; };
		D65A6FEE1E400B1100C69FBA /* msal__common.xcconfig */ = {isa = PBXFileReference; lastKnownFileType = text.xcconfig; path = msal__common.xcconfig; sourceTree = "<group>"; };
		D65A6FEF1E4024C800C69FBA /* msal__mac__common__framework.xcconfig */ = {isa = PBXFileReference; lastKnownFileType = text.xcconfig; path = msal__mac__common__framework.xcconfig; sourceTree = "<group>"; };
		D65A6FF01E4026B900C69FBA /* msal__debug.xcconfig */ = {isa = PBXFileReference; lastKnownFileType = text.xcconfig; path = msal__debug.xcconfig; sourceTree = "<group>"; };
		D65A6FF11E4026C000C69FBA /* msal__release.xcconfig */ = {isa = PBXFileReference; lastKnownFileType = text.xcconfig; path = msal__release.xcconfig; sourceTree = "<group>"; };
		D65A6FF21E40270600C69FBA /* msal__ios__common__framework.xcconfig */ = {isa = PBXFileReference; lastKnownFileType = text.xcconfig; path = msal__ios__common__framework.xcconfig; sourceTree = "<group>"; };
		D673F0691E42E4A20018BA91 /* MSALLogger+Internal.h */ = {isa = PBXFileReference; fileEncoding = 4; lastKnownFileType = sourcecode.c.h; path = "MSALLogger+Internal.h"; sourceTree = "<group>"; };
		D673F06F1E4411960018BA91 /* NSString+MSALHelperMethods.h */ = {isa = PBXFileReference; lastKnownFileType = sourcecode.c.h; path = "NSString+MSALHelperMethods.h"; sourceTree = "<group>"; };
		D673F0701E4411960018BA91 /* NSString+MSALHelperMethods.m */ = {isa = PBXFileReference; lastKnownFileType = sourcecode.c.objc; path = "NSString+MSALHelperMethods.m"; sourceTree = "<group>"; };
		D673F0771E4A633B0018BA91 /* MSALError_Internal.h */ = {isa = PBXFileReference; fileEncoding = 4; lastKnownFileType = sourcecode.c.h; path = MSALError_Internal.h; sourceTree = "<group>"; };
		D673F0781E4A633B0018BA91 /* MSALError_Internal.m */ = {isa = PBXFileReference; fileEncoding = 4; lastKnownFileType = sourcecode.c.objc; path = MSALError_Internal.m; sourceTree = "<group>"; };
		D673F07C1E4AAB0D0018BA91 /* MSALPublicClientApplicationTests.m */ = {isa = PBXFileReference; fileEncoding = 4; lastKnownFileType = sourcecode.c.objc; path = MSALPublicClientApplicationTests.m; sourceTree = "<group>"; };
		D673F07F1E4B9A380018BA91 /* MSALTestBundle.h */ = {isa = PBXFileReference; fileEncoding = 4; lastKnownFileType = sourcecode.c.h; path = MSALTestBundle.h; sourceTree = "<group>"; };
		D673F0801E4B9A380018BA91 /* MSALTestBundle.m */ = {isa = PBXFileReference; fileEncoding = 4; lastKnownFileType = sourcecode.c.objc; path = MSALTestBundle.m; sourceTree = "<group>"; };
		D673F0831E4BA4540018BA91 /* MSALTestCase.m */ = {isa = PBXFileReference; fileEncoding = 4; lastKnownFileType = sourcecode.c.objc; path = MSALTestCase.m; sourceTree = "<group>"; };
		D673F0861E4BA4C00018BA91 /* MSALTestCase.h */ = {isa = PBXFileReference; lastKnownFileType = sourcecode.c.h; path = MSALTestCase.h; sourceTree = "<group>"; };
		D6DFF3A21E2579360012891A /* libMSAL.a */ = {isa = PBXFileReference; explicitFileType = archive.ar; includeInIndex = 0; path = libMSAL.a; sourceTree = BUILT_PRODUCTS_DIR; };
/* End PBXFileReference section */

/* Begin PBXFrameworksBuildPhase section */
		D65A6F3F1E3FD30A00C69FBA /* Frameworks */ = {
			isa = PBXFrameworksBuildPhase;
			buildActionMask = 2147483647;
			files = (
			);
			runOnlyForDeploymentPostprocessing = 0;
		};
		D65A6F4C1E3FD32D00C69FBA /* Frameworks */ = {
			isa = PBXFrameworksBuildPhase;
			buildActionMask = 2147483647;
			files = (
			);
			runOnlyForDeploymentPostprocessing = 0;
		};
		D65A6FBE1E3FF47D00C69FBA /* Frameworks */ = {
			isa = PBXFrameworksBuildPhase;
			buildActionMask = 2147483647;
			files = (
				D65A6FC61E3FF47E00C69FBA /* libMSAL.a in Frameworks */,
			);
			runOnlyForDeploymentPostprocessing = 0;
		};
		D65A6FCD1E3FF49C00C69FBA /* Frameworks */ = {
			isa = PBXFrameworksBuildPhase;
			buildActionMask = 2147483647;
			files = (
				D65A6FD51E3FF49C00C69FBA /* MSAL.framework in Frameworks */,
			);
			runOnlyForDeploymentPostprocessing = 0;
		};
		D6DFF39F1E2579360012891A /* Frameworks */ = {
			isa = PBXFrameworksBuildPhase;
			buildActionMask = 2147483647;
			files = (
			);
			runOnlyForDeploymentPostprocessing = 0;
		};
/* End PBXFrameworksBuildPhase section */

/* Begin PBXGroup section */
		94E876C91E492D2800FB96ED /* instance */ = {
			isa = PBXGroup;
			children = (
				94E876CA1E492D6000FB96ED /* MSALAuthority.h */,
				94E876CB1E492D6000FB96ED /* MSALAuthority.m */,
			);
			path = instance;
			sourceTree = "<group>";
		};
		96D9A5351E4A9ABF00674A85 /* http */ = {
			isa = PBXGroup;
			children = (
				963B4B4F1E4BAC200025EFC1 /* MSALHttpRequest.h */,
				963B4B501E4BAC200025EFC1 /* MSALHttpRequest.m */,
				963B4B511E4BAC200025EFC1 /* MSALHttpResponse.h */,
				963B4B521E4BAC200025EFC1 /* MSALHttpResponse.m */,
			);
			path = http;
			sourceTree = "<group>";
		};
		96D9A5461E4AB21400674A85 /* telemetry */ = {
			isa = PBXGroup;
			children = (
				96D9A5471E4AB22900674A85 /* MSALTelemetry.m */,
				96D9A54C1E4AB3BD00674A85 /* MSALTelemetry+Internal.h */,
				96D455D11E4AB4DA002C9C3C /* MSALTelemetryEventStrings.h */,
				96D455D21E4AB4DA002C9C3C /* MSALTelemetryEventStrings.m */,
			);
			path = telemetry;
			sourceTree = "<group>";
		};
		D65A6F671E3FF3D900C69FBA /* src */ = {
			isa = PBXGroup;
			children = (
				D65A6F681E3FF3D900C69FBA /* cache */,
				96D9A5351E4A9ABF00674A85 /* http */,
				94E876C91E492D2800FB96ED /* instance */,
				D65A6F7B1E3FF3D900C69FBA /* oauth2 */,
				D65A6F7E1E3FF3D900C69FBA /* public */,
				D65A6F871E3FF3D900C69FBA /* requests */,
				96D9A5461E4AB21400674A85 /* telemetry */,
				D673F06E1E4411960018BA91 /* util */,
				D65A6F731E3FF3D900C69FBA /* MSAL_Internal.h */,
				D673F0771E4A633B0018BA91 /* MSALError_Internal.h */,
				D65A6F751E3FF3D900C69FBA /* MSALJsonObject.h */,
				D673F0691E42E4A20018BA91 /* MSALLogger+Internal.h */,
				96D9A5361E4AA56800674A85 /* MSALOAuth2Constants.h */,
				D673F0781E4A633B0018BA91 /* MSALError_Internal.m */,
				D65A6F741E3FF3D900C69FBA /* MSALError.m */,
				D65A6F761E3FF3D900C69FBA /* MSALJsonObject.m */,
				D65A6F771E3FF3D900C69FBA /* MSALLogger.m */,
				96D9A5371E4AA56800674A85 /* MSALOAuth2Constants.m */,
				D65A6F781E3FF3D900C69FBA /* MSALPublicClientApplication.m */,
				D65A6F791E3FF3D900C69FBA /* MSALResult.m */,
				D65A6F7A1E3FF3D900C69FBA /* MSALUser.m */,
				94E876B01E4556B400FB96ED /* MSAL.pch */,
			);
			path = src;
			sourceTree = "<group>";
		};
		D65A6F681E3FF3D900C69FBA /* cache */ = {
			isa = PBXGroup;
			children = (
				D65A6F691E3FF3D900C69FBA /* ios */,
				D65A6F6B1E3FF3D900C69FBA /* MSALBaseCacheItem.h */,
				D65A6F6C1E3FF3D900C69FBA /* MSALBaseCacheItem.m */,
				D65A6F6D1E3FF3D900C69FBA /* MSALRefreshTokenCacheItem.h */,
				D65A6F6E1E3FF3D900C69FBA /* MSALRefreshTokenCacheItem.m */,
				D65A6F6F1E3FF3D900C69FBA /* MSALTokenCacheItem.h */,
				D65A6F701E3FF3D900C69FBA /* MSALTokenCacheItem.m */,
				D65A6F711E3FF3D900C69FBA /* MSALTokenCacheKey.h */,
				D65A6F721E3FF3D900C69FBA /* MSALTokenCacheKey.m */,
			);
			path = cache;
			sourceTree = "<group>";
		};
		D65A6F691E3FF3D900C69FBA /* ios */ = {
			isa = PBXGroup;
			children = (
				D65A6F6A1E3FF3D900C69FBA /* MSALKeychainTokenCache.m */,
			);
			path = ios;
			sourceTree = "<group>";
		};
		D65A6F7B1E3FF3D900C69FBA /* oauth2 */ = {
			isa = PBXGroup;
			children = (
				D65A6F7C1E3FF3D900C69FBA /* MSALOAuth2ResponseBase.h */,
				D65A6F7D1E3FF3D900C69FBA /* MSALOAuth2ResponseBase.m */,
			);
			path = oauth2;
			sourceTree = "<group>";
		};
		D65A6F7E1E3FF3D900C69FBA /* public */ = {
			isa = PBXGroup;
			children = (
				D65A6F7F1E3FF3D900C69FBA /* ios */,
				D65A6F811E3FF3D900C69FBA /* MSAL.h */,
				D65A6F821E3FF3D900C69FBA /* MSALError.h */,
				D65A6F831E3FF3D900C69FBA /* MSALLogger.h */,
				D65A6F841E3FF3D900C69FBA /* MSALPublicClientApplication.h */,
				D65A6F851E3FF3D900C69FBA /* MSALResult.h */,
				D65A6F861E3FF3D900C69FBA /* MSALUser.h */,
				94E876DE1E495EE600FB96ED /* MSALUIBehavior.h */,
				96D9A5431E4AB1DC00674A85 /* MSALTelemetry.h */,
			);
			path = public;
			sourceTree = "<group>";
		};
		D65A6F7F1E3FF3D900C69FBA /* ios */ = {
			isa = PBXGroup;
			children = (
				D65A6F801E3FF3D900C69FBA /* MSALKeychainTokenCache.h */,
			);
			path = ios;
			sourceTree = "<group>";
		};
		D65A6F871E3FF3D900C69FBA /* requests */ = {
			isa = PBXGroup;
			children = (
				9631CFF61E4558770057BE7F /* MSALWebAuthRequest.h */,
				9631CFF71E4558770057BE7F /* MSALWebAuthRequest.m */,
				9631CFF81E4558770057BE7F /* MSALWebAuthResponse.h */,
				9631CFF91E4558770057BE7F /* MSALWebAuthResponse.m */,
				94E876C41E492BC300FB96ED /* MSALRequestParameters.h */,
				94E876C51E492BC300FB96ED /* MSALRequestParameters.m */,
				94E876CF1E49369500FB96ED /* MSALBaseRequest.h */,
				94E876D01E49369500FB96ED /* MSALBaseRequest.m */,
				94E876D41E49391A00FB96ED /* MSALAuthorizationCodeRequest.h */,
				94E876D51E49391A00FB96ED /* MSALAuthorizationCodeRequest.m */,
				94E876D91E493DC600FB96ED /* MSALInteractiveRequest.h */,
				94E876DA1E493DC600FB96ED /* MSALInteractiveRequest.m */,
			);
			path = requests;
			sourceTree = "<group>";
		};
		D65A6FB71E3FF44A00C69FBA /* resources */ = {
			isa = PBXGroup;
			children = (
				D65A6FB81E3FF44A00C69FBA /* ios */,
				D65A6FBA1E3FF44A00C69FBA /* mac */,
			);
			path = resources;
			sourceTree = "<group>";
		};
		D65A6FB81E3FF44A00C69FBA /* ios */ = {
			isa = PBXGroup;
			children = (
				D65A6FB91E3FF44A00C69FBA /* Info.plist */,
			);
			path = ios;
			sourceTree = "<group>";
		};
		D65A6FBA1E3FF44A00C69FBA /* mac */ = {
			isa = PBXGroup;
			children = (
				D65A6FBB1E3FF44A00C69FBA /* Info.plist */,
			);
			path = mac;
			sourceTree = "<group>";
		};
		D65A6FBC1E3FF46100C69FBA /* xcconfig */ = {
			isa = PBXGroup;
			children = (
				D65A6FEE1E400B1100C69FBA /* msal__common.xcconfig */,
				D65A6FF01E4026B900C69FBA /* msal__debug.xcconfig */,
				D65A6FE61E3FFFD300C69FBA /* msal__ios__common.xcconfig */,
				D65A6FF21E40270600C69FBA /* msal__ios__common__framework.xcconfig */,
				D65A6FE71E40002800C69FBA /* msal__ios__framework.xcconfig */,
				D65A6FE81E40002800C69FBA /* msal__ios__static_lib.xcconfig */,
				D65A6FE91E40002800C69FBA /* msal__ios__unit_test.xcconfig */,
				D65A6FEA1E40002800C69FBA /* msal__mac__common.xcconfig */,
				D65A6FEF1E4024C800C69FBA /* msal__mac__common__framework.xcconfig */,
				D65A6FEB1E40002800C69FBA /* msal__mac__framework.xcconfig */,
				D65A6FEC1E40002800C69FBA /* msal__mac__unit_test.xcconfig */,
				D65A6FF11E4026C000C69FBA /* msal__release.xcconfig */,
			);
			path = xcconfig;
			sourceTree = "<group>";
		};
		D65A6FDB1E3FF71000C69FBA /* test */ = {
			isa = PBXGroup;
			children = (
				D65A6FDC1E3FF71000C69FBA /* ios */,
				D65A6FDD1E3FF71000C69FBA /* mac */,
				D65A6FDE1E3FF71000C69FBA /* resources */,
				9631D0071E4558940057BE7F /* MSALHttpRequestTests.m */,
				D65A6FE31E3FF73600C69FBA /* MSALJsonObjectTests.m */,
				94E876B71E45745C00FB96ED /* MSALLoggerTests.m */,
				D673F07C1E4AAB0D0018BA91 /* MSALPublicClientApplicationTests.m */,
				94E876BA1E46452A00FB96ED /* MSALStringHelperMethodTests.m */,
				D673F07F1E4B9A380018BA91 /* MSALTestBundle.h */,
				D673F0801E4B9A380018BA91 /* MSALTestBundle.m */,
				D673F0861E4BA4C00018BA91 /* MSALTestCase.h */,
				D673F0831E4BA4540018BA91 /* MSALTestCase.m */,
				94E876C01E49187400FB96ED /* MSALTestLogger.h */,
				94E876C11E49187400FB96ED /* MSALTestLogger.m */,
				96D9A52C1E4A6EEF00674A85 /* MSALTestURLSession.h */,
				96D9A52D1E4A6EEF00674A85 /* MSALTestURLSession.m */,
				96D9A5301E4A6EFF00674A85 /* MSALTestURLSessionDataTask.h */,
				96D9A5311E4A6EFF00674A85 /* MSALTestURLSessionDataTask.m */,
			);
			path = test;
			sourceTree = "<group>";
		};
		D65A6FDC1E3FF71000C69FBA /* ios */ = {
			isa = PBXGroup;
			children = (
			);
			path = ios;
			sourceTree = "<group>";
		};
		D65A6FDD1E3FF71000C69FBA /* mac */ = {
			isa = PBXGroup;
			children = (
			);
			path = mac;
			sourceTree = "<group>";
		};
		D65A6FDE1E3FF71000C69FBA /* resources */ = {
			isa = PBXGroup;
			children = (
				D65A6FDF1E3FF71000C69FBA /* ios */,
				D65A6FE11E3FF71000C69FBA /* mac */,
			);
			path = resources;
			sourceTree = "<group>";
		};
		D65A6FDF1E3FF71000C69FBA /* ios */ = {
			isa = PBXGroup;
			children = (
				D65A6FE01E3FF71000C69FBA /* Info.plist */,
			);
			path = ios;
			sourceTree = "<group>";
		};
		D65A6FE11E3FF71000C69FBA /* mac */ = {
			isa = PBXGroup;
			children = (
				D65A6FE21E3FF71000C69FBA /* Info.plist */,
			);
			path = mac;
			sourceTree = "<group>";
		};
		D673F06E1E4411960018BA91 /* util */ = {
			isa = PBXGroup;
			children = (
				D673F06F1E4411960018BA91 /* NSString+MSALHelperMethods.h */,
				D673F0701E4411960018BA91 /* NSString+MSALHelperMethods.m */,
				96C9D93A1E49279D00047B93 /* NSDictionary+MSALExtensions.h */,
				96C9D93B1E49279D00047B93 /* NSDictionary+MSALExtensions.m */,
			);
			path = util;
			sourceTree = "<group>";
		};
		D6DFF3991E2579360012891A = {
			isa = PBXGroup;
			children = (
				D65A6F671E3FF3D900C69FBA /* src */,
				D65A6FDB1E3FF71000C69FBA /* test */,
				D65A6FB71E3FF44A00C69FBA /* resources */,
				D65A6FBC1E3FF46100C69FBA /* xcconfig */,
				D6DFF3A31E2579360012891A /* Products */,
			);
			sourceTree = "<group>";
		};
		D6DFF3A31E2579360012891A /* Products */ = {
			isa = PBXGroup;
			children = (
				D6DFF3A21E2579360012891A /* libMSAL.a */,
				D65A6F431E3FD30A00C69FBA /* MSAL.framework */,
				D65A6F501E3FD32D00C69FBA /* MSAL.framework */,
				D65A6FC11E3FF47D00C69FBA /* "MSAL-iOS-Unit-Tests".xctest */,
				D65A6FD01E3FF49C00C69FBA /* "MSAL-Mac-Unit-Tests".xctest */,
			);
			name = Products;
			sourceTree = "<group>";
		};
/* End PBXGroup section */

/* Begin PBXHeadersBuildPhase section */
		D65A6F401E3FD30A00C69FBA /* Headers */ = {
			isa = PBXHeadersBuildPhase;
			buildActionMask = 2147483647;
			files = (
				96D455D31E4AB4DA002C9C3C /* MSALTelemetryEventStrings.h in Headers */,
				D65A6FB51E3FF41D00C69FBA /* MSALResult.h in Headers */,
				94E876E01E495F2800FB96ED /* MSALUIBehavior.h in Headers */,
				D65A6FB61E3FF41D00C69FBA /* MSALUser.h in Headers */,
				D65A6FB01E3FF41500C69FBA /* MSALKeychainTokenCache.h in Headers */,
				D65A6FB21E3FF41D00C69FBA /* MSALError.h in Headers */,
				D65A6FB41E3FF41D00C69FBA /* MSALPublicClientApplication.h in Headers */,
				96D9A5441E4AB1DC00674A85 /* MSALTelemetry.h in Headers */,
				D65A6FB11E3FF41D00C69FBA /* MSAL.h in Headers */,
				D65A6FB31E3FF41D00C69FBA /* MSALLogger.h in Headers */,
			);
			runOnlyForDeploymentPostprocessing = 0;
		};
		D65A6F4D1E3FD32D00C69FBA /* Headers */ = {
			isa = PBXHeadersBuildPhase;
			buildActionMask = 2147483647;
			files = (
				D65A6FA81E3FF3D900C69FBA /* MSAL.h in Headers */,
				94E876C61E492BC300FB96ED /* MSALRequestParameters.h in Headers */,
				D65A6FAD1E3FF3D900C69FBA /* MSALUser.h in Headers */,
				94E876CC1E492D6000FB96ED /* MSALAuthority.h in Headers */,
				D65A6FAA1E3FF3D900C69FBA /* MSALLogger.h in Headers */,
				D673F0791E4A633B0018BA91 /* MSALError_Internal.h in Headers */,
				94E876DF1E495F2700FB96ED /* MSALUIBehavior.h in Headers */,
				D65A6FA91E3FF3D900C69FBA /* MSALError.h in Headers */,
				96D9A5451E4AB1DC00674A85 /* MSALTelemetry.h in Headers */,
				96D455D41E4AB4DA002C9C3C /* MSALTelemetryEventStrings.h in Headers */,
				94E876DB1E493DC600FB96ED /* MSALInteractiveRequest.h in Headers */,
				94E876D61E49391A00FB96ED /* MSALAuthorizationCodeRequest.h in Headers */,
				D65A6FAC1E3FF3D900C69FBA /* MSALResult.h in Headers */,
				D65A6FAB1E3FF3D900C69FBA /* MSALPublicClientApplication.h in Headers */,
				94E876D11E49369500FB96ED /* MSALBaseRequest.h in Headers */,
			);
			runOnlyForDeploymentPostprocessing = 0;
		};
/* End PBXHeadersBuildPhase section */

/* Begin PBXNativeTarget section */
		D65A6F421E3FD30A00C69FBA /* MSAL (iOS Framework) */ = {
			isa = PBXNativeTarget;
			buildConfigurationList = D65A6F481E3FD30A00C69FBA /* Build configuration list for PBXNativeTarget "MSAL (iOS Framework)" */;
			buildPhases = (
				D65A6F3E1E3FD30A00C69FBA /* Sources */,
				D65A6F3F1E3FD30A00C69FBA /* Frameworks */,
				D65A6F401E3FD30A00C69FBA /* Headers */,
				D65A6F411E3FD30A00C69FBA /* Resources */,
			);
			buildRules = (
			);
			dependencies = (
				D65A6F591E3FD48600C69FBA /* PBXTargetDependency */,
			);
			name = "MSAL (iOS Framework)";
			productName = "MSAL (Framework)";
			productReference = D65A6F431E3FD30A00C69FBA /* MSAL.framework */;
			productType = "com.apple.product-type.framework";
		};
		D65A6F4F1E3FD32D00C69FBA /* MSAL (Mac Framework) */ = {
			isa = PBXNativeTarget;
			buildConfigurationList = D65A6F551E3FD32D00C69FBA /* Build configuration list for PBXNativeTarget "MSAL (Mac Framework)" */;
			buildPhases = (
				D65A6F4B1E3FD32D00C69FBA /* Sources */,
				D65A6F4C1E3FD32D00C69FBA /* Frameworks */,
				D65A6F4D1E3FD32D00C69FBA /* Headers */,
				D65A6F4E1E3FD32D00C69FBA /* Resources */,
			);
			buildRules = (
			);
			dependencies = (
			);
			name = "MSAL (Mac Framework)";
			productName = "MSAL (Mac Framework)";
			productReference = D65A6F501E3FD32D00C69FBA /* MSAL.framework */;
			productType = "com.apple.product-type.framework";
		};
		D65A6FC01E3FF47D00C69FBA /* MSAL iOS Unit Tests */ = {
			isa = PBXNativeTarget;
			buildConfigurationList = D65A6FC91E3FF47E00C69FBA /* Build configuration list for PBXNativeTarget "MSAL iOS Unit Tests" */;
			buildPhases = (
				D65A6FBD1E3FF47D00C69FBA /* Sources */,
				D65A6FBE1E3FF47D00C69FBA /* Frameworks */,
				D65A6FBF1E3FF47D00C69FBA /* Resources */,
			);
			buildRules = (
			);
			dependencies = (
				D65A6FC81E3FF47E00C69FBA /* PBXTargetDependency */,
			);
			name = "MSAL iOS Unit Tests";
			productName = "MSAL iOS Unit Tests";
			productReference = D65A6FC11E3FF47D00C69FBA /* "MSAL-iOS-Unit-Tests".xctest */;
			productType = "com.apple.product-type.bundle.unit-test";
		};
		D65A6FCF1E3FF49C00C69FBA /* MSAL Mac Unit Tests */ = {
			isa = PBXNativeTarget;
			buildConfigurationList = D65A6FD81E3FF49C00C69FBA /* Build configuration list for PBXNativeTarget "MSAL Mac Unit Tests" */;
			buildPhases = (
				D65A6FCC1E3FF49C00C69FBA /* Sources */,
				D65A6FCD1E3FF49C00C69FBA /* Frameworks */,
				D65A6FCE1E3FF49C00C69FBA /* Resources */,
			);
			buildRules = (
			);
			dependencies = (
				D65A6FD71E3FF49C00C69FBA /* PBXTargetDependency */,
			);
			name = "MSAL Mac Unit Tests";
			productName = "MSAL Mac Unit Tests";
			productReference = D65A6FD01E3FF49C00C69FBA /* "MSAL-Mac-Unit-Tests".xctest */;
			productType = "com.apple.product-type.bundle.unit-test";
		};
		D6DFF3A11E2579360012891A /* MSAL (iOS Static Lib) */ = {
			isa = PBXNativeTarget;
			buildConfigurationList = D6DFF3AB1E2579370012891A /* Build configuration list for PBXNativeTarget "MSAL (iOS Static Lib)" */;
			buildPhases = (
				D6DFF39E1E2579360012891A /* Sources */,
				D6DFF39F1E2579360012891A /* Frameworks */,
				D6DFF3A01E2579360012891A /* CopyFiles */,
			);
			buildRules = (
			);
			dependencies = (
			);
			name = "MSAL (iOS Static Lib)";
			productName = MSAL;
			productReference = D6DFF3A21E2579360012891A /* libMSAL.a */;
			productType = "com.apple.product-type.library.static";
		};
/* End PBXNativeTarget section */

/* Begin PBXProject section */
		D6DFF39A1E2579360012891A /* Project object */ = {
			isa = PBXProject;
			attributes = {
				LastUpgradeCheck = 0820;
				ORGANIZATIONNAME = Microsoft;
				TargetAttributes = {
					D65A6F421E3FD30A00C69FBA = {
						CreatedOnToolsVersion = 8.2.1;
						DevelopmentTeam = UBF8T346G9;
						ProvisioningStyle = Automatic;
					};
					D65A6F4F1E3FD32D00C69FBA = {
						CreatedOnToolsVersion = 8.2.1;
						DevelopmentTeam = UBF8T346G9;
						ProvisioningStyle = Automatic;
					};
					D65A6FC01E3FF47D00C69FBA = {
						CreatedOnToolsVersion = 8.2.1;
						DevelopmentTeam = UBF8T346G9;
						ProvisioningStyle = Automatic;
					};
					D65A6FCF1E3FF49C00C69FBA = {
						CreatedOnToolsVersion = 8.2.1;
						DevelopmentTeam = UBF8T346G9;
						ProvisioningStyle = Automatic;
					};
					D6DFF3A11E2579360012891A = {
						CreatedOnToolsVersion = 8.1;
						DevelopmentTeam = UBF8T346G9;
						ProvisioningStyle = Automatic;
					};
				};
			};
			buildConfigurationList = D6DFF39D1E2579360012891A /* Build configuration list for PBXProject "MSAL" */;
			compatibilityVersion = "Xcode 3.2";
			developmentRegion = English;
			hasScannedForEncodings = 0;
			knownRegions = (
				en,
			);
			mainGroup = D6DFF3991E2579360012891A;
			productRefGroup = D6DFF3A31E2579360012891A /* Products */;
			projectDirPath = "";
			projectRoot = "";
			targets = (
				D6DFF3A11E2579360012891A /* MSAL (iOS Static Lib) */,
				D65A6F421E3FD30A00C69FBA /* MSAL (iOS Framework) */,
				D65A6FC01E3FF47D00C69FBA /* MSAL iOS Unit Tests */,
				D65A6F4F1E3FD32D00C69FBA /* MSAL (Mac Framework) */,
				D65A6FCF1E3FF49C00C69FBA /* MSAL Mac Unit Tests */,
			);
		};
/* End PBXProject section */

/* Begin PBXResourcesBuildPhase section */
		D65A6F411E3FD30A00C69FBA /* Resources */ = {
			isa = PBXResourcesBuildPhase;
			buildActionMask = 2147483647;
			files = (
			);
			runOnlyForDeploymentPostprocessing = 0;
		};
		D65A6F4E1E3FD32D00C69FBA /* Resources */ = {
			isa = PBXResourcesBuildPhase;
			buildActionMask = 2147483647;
			files = (
			);
			runOnlyForDeploymentPostprocessing = 0;
		};
		D65A6FBF1E3FF47D00C69FBA /* Resources */ = {
			isa = PBXResourcesBuildPhase;
			buildActionMask = 2147483647;
			files = (
			);
			runOnlyForDeploymentPostprocessing = 0;
		};
		D65A6FCE1E3FF49C00C69FBA /* Resources */ = {
			isa = PBXResourcesBuildPhase;
			buildActionMask = 2147483647;
			files = (
			);
			runOnlyForDeploymentPostprocessing = 0;
		};
/* End PBXResourcesBuildPhase section */

/* Begin PBXSourcesBuildPhase section */
		D65A6F3E1E3FD30A00C69FBA /* Sources */ = {
			isa = PBXSourcesBuildPhase;
			buildActionMask = 2147483647;
			files = (
				96D9A5391E4AA56E00674A85 /* MSALOAuth2Constants.m in Sources */,
			);
			runOnlyForDeploymentPostprocessing = 0;
		};
		D65A6F4B1E3FD32D00C69FBA /* Sources */ = {
			isa = PBXSourcesBuildPhase;
			buildActionMask = 2147483647;
			files = (
				96C9D93E1E49279D00047B93 /* NSDictionary+MSALExtensions.m in Sources */,
				D65A6FA31E3FF3D900C69FBA /* MSALUser.m in Sources */,
				96D9A53A1E4AA56F00674A85 /* MSALOAuth2Constants.m in Sources */,
				9631D0021E4558770057BE7F /* MSALWebAuthRequest.m in Sources */,
				963B4B551E4BB07A0025EFC1 /* MSALHttpRequest.m in Sources */,
				96D9A54A1E4AB23100674A85 /* MSALTelemetry.m in Sources */,
				D673F08F1E4CE6D70018BA91 /* MSALError.m in Sources */,
				D673F0A31E4D426B0018BA91 /* MSALWebAuthResponse.m in Sources */,
				D673F09E1E4D41E80018BA91 /* MSALPkeyAuthHelper.m in Sources */,
				D673F0951E4CE6DB0018BA91 /* MSALRequestParameters.m in Sources */,
				D673F0991E4CE6DE0018BA91 /* MSALOAuth2ResponseBase.m in Sources */,
				D673F09C1E4CE6E40018BA91 /* MSALTokenCacheItem.m in Sources */,
				D673F0981E4CE6DB0018BA91 /* MSALInteractiveRequest.m in Sources */,
				D673F09D1E4CE6E40018BA91 /* MSALTokenCacheKey.m in Sources */,
				D673F0911E4CE6D70018BA91 /* MSALLogger.m in Sources */,
				D673F0921E4CE6D70018BA91 /* MSALPublicClientApplication.m in Sources */,
				D673F0A01E4D422F0018BA91 /* MSALTelemetryEventStrings.m in Sources */,
				D673F08E1E4CE6D70018BA91 /* MSALError_Internal.m in Sources */,
				D673F0971E4CE6DB0018BA91 /* MSALAuthorizationCodeRequest.m in Sources */,
				94E876CE1E492D6000FB96ED /* MSALAuthority.m in Sources */,
				D673F0931E4CE6D70018BA91 /* MSALResult.m in Sources */,
				D673F0A21E4D42620018BA91 /* MSALHttpResponse.m in Sources */,
				D673F09A1E4CE6E40018BA91 /* MSALBaseCacheItem.m in Sources */,
				D673F0901E4CE6D70018BA91 /* MSALJsonObject.m in Sources */,
				D673F09B1E4CE6E40018BA91 /* MSALRefreshTokenCacheItem.m in Sources */,
				D673F08D1E4CE6D70018BA91 /* NSString+MSALHelperMethods.m in Sources */,
				D673F0961E4CE6DB0018BA91 /* MSALBaseRequest.m in Sources */,
			);
			runOnlyForDeploymentPostprocessing = 0;
		};
		D65A6FBD1E3FF47D00C69FBA /* Sources */ = {
			isa = PBXSourcesBuildPhase;
			buildActionMask = 2147483647;
			files = (
				D673F0811E4B9A380018BA91 /* MSALTestBundle.m in Sources */,
				D673F0841E4BA4540018BA91 /* MSALTestCase.m in Sources */,
				9631D00B1E4558980057BE7F /* MSALHttpRequestTests.m in Sources */,
				96D9A52E1E4A6EEF00674A85 /* MSALTestURLSession.m in Sources */,
				96D9A5411E4AACC000674A85 /* MSALOAuth2Constants.m in Sources */,
				94E876C21E49187400FB96ED /* MSALTestLogger.m in Sources */,
				96D9A5321E4A6EFF00674A85 /* MSALTestURLSessionDataTask.m in Sources */,
				94E876BB1E46452A00FB96ED /* MSALStringHelperMethodTests.m in Sources */,
				D673F07D1E4AAB0D0018BA91 /* MSALPublicClientApplicationTests.m in Sources */,
				94E876B81E45745C00FB96ED /* MSALLoggerTests.m in Sources */,
				D65A6FE41E3FF73600C69FBA /* MSALJsonObjectTests.m in Sources */,
			);
			runOnlyForDeploymentPostprocessing = 0;
		};
		D65A6FCC1E3FF49C00C69FBA /* Sources */ = {
			isa = PBXSourcesBuildPhase;
			buildActionMask = 2147483647;
			files = (
				9631D00C1E4558990057BE7F /* MSALHttpRequestTests.m in Sources */,
				96D9A52F1E4A6EEF00674A85 /* MSALTestURLSession.m in Sources */,
				96D9A5421E4AACC300674A85 /* MSALOAuth2Constants.m in Sources */,
				94E876C31E49187400FB96ED /* MSALTestLogger.m in Sources */,
				96D9A5331E4A6EFF00674A85 /* MSALTestURLSessionDataTask.m in Sources */,
				94E876BC1E46452B00FB96ED /* MSALStringHelperMethodTests.m in Sources */,
				D673F0A41E4D42FE0018BA91 /* MSALTestCase.m in Sources */,
				94E876B91E45745C00FB96ED /* MSALLoggerTests.m in Sources */,
				D65A6FE51E3FF73600C69FBA /* MSALJsonObjectTests.m in Sources */,
				D673F0A51E4D430F0018BA91 /* MSALTestBundle.m in Sources */,
				96D9A53E1E4AABA400674A85 /* MSALTestSimpleRequestContext.m in Sources */,
			);
			runOnlyForDeploymentPostprocessing = 0;
		};
		D6DFF39E1E2579360012891A /* Sources */ = {
			isa = PBXSourcesBuildPhase;
			buildActionMask = 2147483647;
			files = (
				D673F0711E4411A00018BA91 /* NSString+MSALHelperMethods.m in Sources */,
				D65A6F911E3FF3D900C69FBA /* MSALTokenCacheItem.m in Sources */,
				94E876D71E49391A00FB96ED /* MSALAuthorizationCodeRequest.m in Sources */,
				94E876CD1E492D6000FB96ED /* MSALAuthority.m in Sources */,
				D65A6F881E3FF3D900C69FBA /* MSALKeychainTokenCache.m in Sources */,
				D65A6F8B1E3FF3D900C69FBA /* MSALBaseCacheItem.m in Sources */,
				D65A6FA51E3FF3D900C69FBA /* MSALOAuth2ResponseBase.m in Sources */,
				963B4B571E4BB0970025EFC1 /* MSALHttpRequest.m in Sources */,
				96D9A54B1E4AB23200674A85 /* MSALTelemetry.m in Sources */,
				D65A6F971E3FF3D900C69FBA /* MSALError.m in Sources */,
				D65A6F9C1E3FF3D900C69FBA /* MSALLogger.m in Sources */,
				D65A6FA21E3FF3D900C69FBA /* MSALUser.m in Sources */,
				96C9D93D1E49279D00047B93 /* NSDictionary+MSALExtensions.m in Sources */,
				D65A6F9A1E3FF3D900C69FBA /* MSALJsonObject.m in Sources */,
				963B4B541E4BAC200025EFC1 /* MSALHttpResponse.m in Sources */,
				D65A6F9E1E3FF3D900C69FBA /* MSALPublicClientApplication.m in Sources */,
				D65A6FA01E3FF3D900C69FBA /* MSALResult.m in Sources */,
				D673F09F1E4D422D0018BA91 /* MSALTelemetryEventStrings.m in Sources */,
				9631D0041E4558770057BE7F /* MSALWebAuthResponse.m in Sources */,
				D65A6F8E1E3FF3D900C69FBA /* MSALRefreshTokenCacheItem.m in Sources */,
				94E876D21E49369500FB96ED /* MSALBaseRequest.m in Sources */,
				94E876DC1E493DC600FB96ED /* MSALInteractiveRequest.m in Sources */,
				94E876C71E492BC300FB96ED /* MSALRequestParameters.m in Sources */,
				D673F07A1E4A633B0018BA91 /* MSALError_Internal.m in Sources */,
				9631D0011E4558770057BE7F /* MSALWebAuthRequest.m in Sources */,
				D65A6F941E3FF3D900C69FBA /* MSALTokenCacheKey.m in Sources */,
			);
			runOnlyForDeploymentPostprocessing = 0;
		};
/* End PBXSourcesBuildPhase section */

/* Begin PBXTargetDependency section */
		D65A6F591E3FD48600C69FBA /* PBXTargetDependency */ = {
			isa = PBXTargetDependency;
			target = D6DFF3A11E2579360012891A /* MSAL (iOS Static Lib) */;
			targetProxy = D65A6F581E3FD48600C69FBA /* PBXContainerItemProxy */;
		};
		D65A6FC81E3FF47E00C69FBA /* PBXTargetDependency */ = {
			isa = PBXTargetDependency;
			target = D6DFF3A11E2579360012891A /* MSAL (iOS Static Lib) */;
			targetProxy = D65A6FC71E3FF47E00C69FBA /* PBXContainerItemProxy */;
		};
		D65A6FD71E3FF49C00C69FBA /* PBXTargetDependency */ = {
			isa = PBXTargetDependency;
			target = D65A6F4F1E3FD32D00C69FBA /* MSAL (Mac Framework) */;
			targetProxy = D65A6FD61E3FF49C00C69FBA /* PBXContainerItemProxy */;
		};
/* End PBXTargetDependency section */

/* Begin XCBuildConfiguration section */
		D65A6F491E3FD30A00C69FBA /* Debug */ = {
			isa = XCBuildConfiguration;
			baseConfigurationReference = D65A6FE71E40002800C69FBA /* msal__ios__framework.xcconfig */;
			buildSettings = {
			};
			name = Debug;
		};
		D65A6F4A1E3FD30A00C69FBA /* Release */ = {
			isa = XCBuildConfiguration;
			baseConfigurationReference = D65A6FE71E40002800C69FBA /* msal__ios__framework.xcconfig */;
			buildSettings = {
			};
			name = Release;
		};
		D65A6F561E3FD32D00C69FBA /* Debug */ = {
			isa = XCBuildConfiguration;
			baseConfigurationReference = D65A6FEB1E40002800C69FBA /* msal__mac__framework.xcconfig */;
			buildSettings = {
			};
			name = Debug;
		};
		D65A6F571E3FD32D00C69FBA /* Release */ = {
			isa = XCBuildConfiguration;
			baseConfigurationReference = D65A6FEB1E40002800C69FBA /* msal__mac__framework.xcconfig */;
			buildSettings = {
			};
			name = Release;
		};
		D65A6FCA1E3FF47E00C69FBA /* Debug */ = {
			isa = XCBuildConfiguration;
			baseConfigurationReference = D65A6FE91E40002800C69FBA /* msal__ios__unit_test.xcconfig */;
			buildSettings = {
			};
			name = Debug;
		};
		D65A6FCB1E3FF47E00C69FBA /* Release */ = {
			isa = XCBuildConfiguration;
			baseConfigurationReference = D65A6FE91E40002800C69FBA /* msal__ios__unit_test.xcconfig */;
			buildSettings = {
			};
			name = Release;
		};
		D65A6FD91E3FF49C00C69FBA /* Debug */ = {
			isa = XCBuildConfiguration;
			baseConfigurationReference = D65A6FEC1E40002800C69FBA /* msal__mac__unit_test.xcconfig */;
			buildSettings = {
			};
			name = Debug;
		};
		D65A6FDA1E3FF49C00C69FBA /* Release */ = {
			isa = XCBuildConfiguration;
			baseConfigurationReference = D65A6FEC1E40002800C69FBA /* msal__mac__unit_test.xcconfig */;
			buildSettings = {
			};
			name = Release;
		};
		D6DFF3A91E2579370012891A /* Debug */ = {
			isa = XCBuildConfiguration;
			baseConfigurationReference = D65A6FF01E4026B900C69FBA /* msal__debug.xcconfig */;
			buildSettings = {
				GCC_PREPROCESSOR_DEFINITIONS = (
					"DEBUG=1",
					"$(inherited)",
				);
			};
			name = Debug;
		};
		D6DFF3AA1E2579370012891A /* Release */ = {
			isa = XCBuildConfiguration;
			baseConfigurationReference = D65A6FF11E4026C000C69FBA /* msal__release.xcconfig */;
			buildSettings = {
			};
			name = Release;
		};
		D6DFF3AC1E2579370012891A /* Debug */ = {
			isa = XCBuildConfiguration;
			baseConfigurationReference = D65A6FE81E40002800C69FBA /* msal__ios__static_lib.xcconfig */;
			buildSettings = {
			};
			name = Debug;
		};
		D6DFF3AD1E2579370012891A /* Release */ = {
			isa = XCBuildConfiguration;
			baseConfigurationReference = D65A6FE81E40002800C69FBA /* msal__ios__static_lib.xcconfig */;
			buildSettings = {
			};
			name = Release;
		};
/* End XCBuildConfiguration section */

/* Begin XCConfigurationList section */
		D65A6F481E3FD30A00C69FBA /* Build configuration list for PBXNativeTarget "MSAL (iOS Framework)" */ = {
			isa = XCConfigurationList;
			buildConfigurations = (
				D65A6F491E3FD30A00C69FBA /* Debug */,
				D65A6F4A1E3FD30A00C69FBA /* Release */,
			);
			defaultConfigurationIsVisible = 0;
			defaultConfigurationName = Release;
		};
		D65A6F551E3FD32D00C69FBA /* Build configuration list for PBXNativeTarget "MSAL (Mac Framework)" */ = {
			isa = XCConfigurationList;
			buildConfigurations = (
				D65A6F561E3FD32D00C69FBA /* Debug */,
				D65A6F571E3FD32D00C69FBA /* Release */,
			);
			defaultConfigurationIsVisible = 0;
			defaultConfigurationName = Release;
		};
		D65A6FC91E3FF47E00C69FBA /* Build configuration list for PBXNativeTarget "MSAL iOS Unit Tests" */ = {
			isa = XCConfigurationList;
			buildConfigurations = (
				D65A6FCA1E3FF47E00C69FBA /* Debug */,
				D65A6FCB1E3FF47E00C69FBA /* Release */,
			);
			defaultConfigurationIsVisible = 0;
			defaultConfigurationName = Release;
		};
		D65A6FD81E3FF49C00C69FBA /* Build configuration list for PBXNativeTarget "MSAL Mac Unit Tests" */ = {
			isa = XCConfigurationList;
			buildConfigurations = (
				D65A6FD91E3FF49C00C69FBA /* Debug */,
				D65A6FDA1E3FF49C00C69FBA /* Release */,
			);
			defaultConfigurationIsVisible = 0;
			defaultConfigurationName = Release;
		};
		D6DFF39D1E2579360012891A /* Build configuration list for PBXProject "MSAL" */ = {
			isa = XCConfigurationList;
			buildConfigurations = (
				D6DFF3A91E2579370012891A /* Debug */,
				D6DFF3AA1E2579370012891A /* Release */,
			);
			defaultConfigurationIsVisible = 0;
			defaultConfigurationName = Release;
		};
		D6DFF3AB1E2579370012891A /* Build configuration list for PBXNativeTarget "MSAL (iOS Static Lib)" */ = {
			isa = XCConfigurationList;
			buildConfigurations = (
				D6DFF3AC1E2579370012891A /* Debug */,
				D6DFF3AD1E2579370012891A /* Release */,
			);
			defaultConfigurationIsVisible = 0;
			defaultConfigurationName = Release;
		};
/* End XCConfigurationList section */
	};
	rootObject = D6DFF39A1E2579360012891A /* Project object */;
}
