// !$*UTF8*$!
{
	archiveVersion = 1;
	classes = {
	};
	objectVersion = 77;
	objects = {

/* Begin PBXBuildFile section */
		2394A84C2FC5208100B9FF0C /* MSALNativeCredManagment.framework in Frameworks */ = {isa = PBXBuildFile; fileRef = 2394A8412FC5208100B9FF0C /* MSALNativeCredManagment.framework */; };
		2394A88B2FC7C14100B9FF0C /* MSAL in Frameworks */ = {isa = PBXBuildFile; productRef = 2394A88A2FC7C14100B9FF0C /* MSAL */; };
		2394A8D72FC8032400B9FF0C /* MSALNativeCredManagment in Frameworks */ = {isa = PBXBuildFile; productRef = 2394A8D62FC8032400B9FF0C /* MSALNativeCredManagment */; };
/* End PBXBuildFile section */

/* Begin PBXContainerItemProxy section */
		2394A84D2FC5208100B9FF0C /* PBXContainerItemProxy */ = {
			isa = PBXContainerItemProxy;
			containerPortal = 2394A8382FC5208100B9FF0C /* Project object */;
			proxyType = 1;
			remoteGlobalIDString = 2394A8402FC5208100B9FF0C;
			remoteInfo = MSALNativeCredManagment;
		};
		2394A8B32FC7FE7400B9FF0C /* PBXContainerItemProxy */ = {
			isa = PBXContainerItemProxy;
			containerPortal = 2394A8382FC5208100B9FF0C /* Project object */;
			proxyType = 1;
			remoteGlobalIDString = 2394A8A12FC7FE7200B9FF0C;
			remoteInfo = MSALNativeCredManagmentSampleApp;
		};
		2394A8BD2FC7FE7400B9FF0C /* PBXContainerItemProxy */ = {
			isa = PBXContainerItemProxy;
			containerPortal = 2394A8382FC5208100B9FF0C /* Project object */;
			proxyType = 1;
			remoteGlobalIDString = 2394A8A12FC7FE7200B9FF0C;
			remoteInfo = MSALNativeCredManagmentSampleApp;
		};
/* End PBXContainerItemProxy section */

/* Begin PBXFileReference section */
		2394A8412FC5208100B9FF0C /* MSALNativeCredManagment.framework */ = {isa = PBXFileReference; explicitFileType = wrapper.framework; includeInIndex = 0; path = MSALNativeCredManagment.framework; sourceTree = BUILT_PRODUCTS_DIR; };
		2394A84B2FC5208100B9FF0C /* MSALNativeCredManagmentTests.xctest */ = {isa = PBXFileReference; explicitFileType = wrapper.cfbundle; includeInIndex = 0; path = MSALNativeCredManagmentTests.xctest; sourceTree = BUILT_PRODUCTS_DIR; };
		2394A8A22FC7FE7200B9FF0C /* MSALNativeCredManagmentSampleApp.app */ = {isa = PBXFileReference; explicitFileType = wrapper.application; includeInIndex = 0; path = MSALNativeCredManagmentSampleApp.app; sourceTree = BUILT_PRODUCTS_DIR; };
		2394A8B22FC7FE7400B9FF0C /* MSALNativeCredManagmentSampleAppTests.xctest */ = {isa = PBXFileReference; explicitFileType = wrapper.cfbundle; includeInIndex = 0; path = MSALNativeCredManagmentSampleAppTests.xctest; sourceTree = BUILT_PRODUCTS_DIR; };
		2394A8BC2FC7FE7400B9FF0C /* MSALNativeCredManagmentSampleAppUITests.xctest */ = {isa = PBXFileReference; explicitFileType = wrapper.cfbundle; includeInIndex = 0; path = MSALNativeCredManagmentSampleAppUITests.xctest; sourceTree = BUILT_PRODUCTS_DIR; };
/* End PBXFileReference section */

/* Begin PBXFileSystemSynchronizedBuildFileExceptionSet section */
		2394A8532FC5208100B9FF0C /* Exceptions for "MSALNativeCredManagment" folder in "MSALNativeCredManagment" target */ = {
			isa = PBXFileSystemSynchronizedBuildFileExceptionSet;
			publicHeaders = (
				MSALNativeCredManagment.h,
			);
			target = 2394A8402FC5208100B9FF0C /* MSALNativeCredManagment */;
		};
/* End PBXFileSystemSynchronizedBuildFileExceptionSet section */

/* Begin PBXFileSystemSynchronizedRootGroup section */
		2394A8432FC5208100B9FF0C /* MSALNativeCredManagment */ = {
			isa = PBXFileSystemSynchronizedRootGroup;
			exceptions = (
				2394A8532FC5208100B9FF0C /* Exceptions for "MSALNativeCredManagment" folder in "MSALNativeCredManagment" target */,
			);
			path = MSALNativeCredManagment;
			sourceTree = "<group>";
		};
		2394A84F2FC5208100B9FF0C /* MSALNativeCredManagmentTests */ = {
			isa = PBXFileSystemSynchronizedRootGroup;
			path = MSALNativeCredManagmentTests;
			sourceTree = "<group>";
		};
		2394A8A32FC7FE7200B9FF0C /* MSALNativeCredManagmentSampleApp */ = {
			isa = PBXFileSystemSynchronizedRootGroup;
			path = MSALNativeCredManagmentSampleApp;
			sourceTree = "<group>";
		};
		2394A8B52FC7FE7400B9FF0C /* MSALNativeCredManagmentSampleAppTests */ = {
			isa = PBXFileSystemSynchronizedRootGroup;
			path = MSALNativeCredManagmentSampleAppTests;
			sourceTree = "<group>";
		};
		2394A8BF2FC7FE7400B9FF0C /* MSALNativeCredManagmentSampleAppUITests */ = {
			isa = PBXFileSystemSynchronizedRootGroup;
			path = MSALNativeCredManagmentSampleAppUITests;
			sourceTree = "<group>";
		};
/* End PBXFileSystemSynchronizedRootGroup section */

/* Begin PBXFrameworksBuildPhase section */
		2394A83E2FC5208100B9FF0C /* Frameworks */ = {
			isa = PBXFrameworksBuildPhase;
			buildActionMask = 2147483647;
			files = (
				2394A88B2FC7C14100B9FF0C /* MSAL in Frameworks */,
			);
			runOnlyForDeploymentPostprocessing = 0;
		};
		2394A8482FC5208100B9FF0C /* Frameworks */ = {
			isa = PBXFrameworksBuildPhase;
			buildActionMask = 2147483647;
			files = (
				2394A84C2FC5208100B9FF0C /* MSALNativeCredManagment.framework in Frameworks */,
			);
			runOnlyForDeploymentPostprocessing = 0;
		};
		2394A89F2FC7FE7200B9FF0C /* Frameworks */ = {
			isa = PBXFrameworksBuildPhase;
			buildActionMask = 2147483647;
			files = (
				2394A8D72FC8032400B9FF0C /* MSALNativeCredManagment in Frameworks */,
			);
			runOnlyForDeploymentPostprocessing = 0;
		};
		2394A8AF2FC7FE7400B9FF0C /* Frameworks */ = {
			isa = PBXFrameworksBuildPhase;
			buildActionMask = 2147483647;
			files = (
			);
			runOnlyForDeploymentPostprocessing = 0;
		};
		2394A8B92FC7FE7400B9FF0C /* Frameworks */ = {
			isa = PBXFrameworksBuildPhase;
			buildActionMask = 2147483647;
			files = (
			);
			runOnlyForDeploymentPostprocessing = 0;
		};
/* End PBXFrameworksBuildPhase section */

/* Begin PBXGroup section */
		2394A8372FC5208100B9FF0C = {
			isa = PBXGroup;
			children = (
				2394A8432FC5208100B9FF0C /* MSALNativeCredManagment */,
				2394A84F2FC5208100B9FF0C /* MSALNativeCredManagmentTests */,
				2394A8A32FC7FE7200B9FF0C /* MSALNativeCredManagmentSampleApp */,
				2394A8B52FC7FE7400B9FF0C /* MSALNativeCredManagmentSampleAppTests */,
				2394A8BF2FC7FE7400B9FF0C /* MSALNativeCredManagmentSampleAppUITests */,
				2394A8422FC5208100B9FF0C /* Products */,
			);
			sourceTree = "<group>";
		};
		2394A8422FC5208100B9FF0C /* Products */ = {
			isa = PBXGroup;
			children = (
				2394A8412FC5208100B9FF0C /* MSALNativeCredManagment.framework */,
				2394A84B2FC5208100B9FF0C /* MSALNativeCredManagmentTests.xctest */,
				2394A8A22FC7FE7200B9FF0C /* MSALNativeCredManagmentSampleApp.app */,
				2394A8B22FC7FE7400B9FF0C /* MSALNativeCredManagmentSampleAppTests.xctest */,
				2394A8BC2FC7FE7400B9FF0C /* MSALNativeCredManagmentSampleAppUITests.xctest */,
			);
			name = Products;
			sourceTree = "<group>";
		};
/* End PBXGroup section */

/* Begin PBXHeadersBuildPhase section */
		2394A83C2FC5208100B9FF0C /* Headers */ = {
			isa = PBXHeadersBuildPhase;
			buildActionMask = 2147483647;
			files = (
			);
			runOnlyForDeploymentPostprocessing = 0;
		};
/* End PBXHeadersBuildPhase section */

/* Begin PBXNativeTarget section */
		2394A8402FC5208100B9FF0C /* MSALNativeCredManagment */ = {
			isa = PBXNativeTarget;
			buildConfigurationList = 2394A8542FC5208100B9FF0C /* Build configuration list for PBXNativeTarget "MSALNativeCredManagment" */;
			buildPhases = (
				2394A83C2FC5208100B9FF0C /* Headers */,
				2394A83D2FC5208100B9FF0C /* Sources */,
				2394A83E2FC5208100B9FF0C /* Frameworks */,
				2394A83F2FC5208100B9FF0C /* Resources */,
			);
			buildRules = (
			);
			dependencies = (
			);
			fileSystemSynchronizedGroups = (
				2394A8432FC5208100B9FF0C /* MSALNativeCredManagment */,
			);
			name = MSALNativeCredManagment;
			packageProductDependencies = (
				2394A88A2FC7C14100B9FF0C /* MSAL */,
			);
			productName = MSALNativeCredManagment;
			productReference = 2394A8412FC5208100B9FF0C /* MSALNativeCredManagment.framework */;
			productType = "com.apple.product-type.framework";
		};
		2394A84A2FC5208100B9FF0C /* MSALNativeCredManagmentTests */ = {
			isa = PBXNativeTarget;
			buildConfigurationList = 2394A8592FC5208100B9FF0C /* Build configuration list for PBXNativeTarget "MSALNativeCredManagmentTests" */;
			buildPhases = (
				2394A8472FC5208100B9FF0C /* Sources */,
				2394A8482FC5208100B9FF0C /* Frameworks */,
				2394A8492FC5208100B9FF0C /* Resources */,
			);
			buildRules = (
			);
			dependencies = (
				2394A84E2FC5208100B9FF0C /* PBXTargetDependency */,
			);
			fileSystemSynchronizedGroups = (
				2394A84F2FC5208100B9FF0C /* MSALNativeCredManagmentTests */,
			);
			name = MSALNativeCredManagmentTests;
			packageProductDependencies = (
			);
			productName = MSALNativeCredManagmentTests;
			productReference = 2394A84B2FC5208100B9FF0C /* MSALNativeCredManagmentTests.xctest */;
			productType = "com.apple.product-type.bundle.unit-test";
		};
		2394A8A12FC7FE7200B9FF0C /* MSALNativeCredManagmentSampleApp */ = {
			isa = PBXNativeTarget;
			buildConfigurationList = 2394A8C42FC7FE7400B9FF0C /* Build configuration list for PBXNativeTarget "MSALNativeCredManagmentSampleApp" */;
			buildPhases = (
				2394A89E2FC7FE7200B9FF0C /* Sources */,
				2394A89F2FC7FE7200B9FF0C /* Frameworks */,
				2394A8A02FC7FE7200B9FF0C /* Resources */,
			);
			buildRules = (
			);
			dependencies = (
			);
			fileSystemSynchronizedGroups = (
				2394A8A32FC7FE7200B9FF0C /* MSALNativeCredManagmentSampleApp */,
			);
			name = MSALNativeCredManagmentSampleApp;
			packageProductDependencies = (
				2394A8D62FC8032400B9FF0C /* MSALNativeCredManagment */,
			);
			productName = MSALNativeCredManagmentSampleApp;
			productReference = 2394A8A22FC7FE7200B9FF0C /* MSALNativeCredManagmentSampleApp.app */;
			productType = "com.apple.product-type.application";
		};
		2394A8B12FC7FE7400B9FF0C /* MSALNativeCredManagmentSampleAppTests */ = {
			isa = PBXNativeTarget;
			buildConfigurationList = 2394A8C72FC7FE7400B9FF0C /* Build configuration list for PBXNativeTarget "MSALNativeCredManagmentSampleAppTests" */;
			buildPhases = (
				2394A8AE2FC7FE7400B9FF0C /* Sources */,
				2394A8AF2FC7FE7400B9FF0C /* Frameworks */,
				2394A8B02FC7FE7400B9FF0C /* Resources */,
			);
			buildRules = (
			);
			dependencies = (
				2394A8B42FC7FE7400B9FF0C /* PBXTargetDependency */,
			);
			fileSystemSynchronizedGroups = (
				2394A8B52FC7FE7400B9FF0C /* MSALNativeCredManagmentSampleAppTests */,
			);
			name = MSALNativeCredManagmentSampleAppTests;
			packageProductDependencies = (
			);
			productName = MSALNativeCredManagmentSampleAppTests;
			productReference = 2394A8B22FC7FE7400B9FF0C /* MSALNativeCredManagmentSampleAppTests.xctest */;
			productType = "com.apple.product-type.bundle.unit-test";
		};
		2394A8BB2FC7FE7400B9FF0C /* MSALNativeCredManagmentSampleAppUITests */ = {
			isa = PBXNativeTarget;
			buildConfigurationList = 2394A8CA2FC7FE7400B9FF0C /* Build configuration list for PBXNativeTarget "MSALNativeCredManagmentSampleAppUITests" */;
			buildPhases = (
				2394A8B82FC7FE7400B9FF0C /* Sources */,
				2394A8B92FC7FE7400B9FF0C /* Frameworks */,
				2394A8BA2FC7FE7400B9FF0C /* Resources */,
			);
			buildRules = (
			);
			dependencies = (
				2394A8BE2FC7FE7400B9FF0C /* PBXTargetDependency */,
			);
			fileSystemSynchronizedGroups = (
				2394A8BF2FC7FE7400B9FF0C /* MSALNativeCredManagmentSampleAppUITests */,
			);
			name = MSALNativeCredManagmentSampleAppUITests;
			packageProductDependencies = (
			);
			productName = MSALNativeCredManagmentSampleAppUITests;
			productReference = 2394A8BC2FC7FE7400B9FF0C /* MSALNativeCredManagmentSampleAppUITests.xctest */;
			productType = "com.apple.product-type.bundle.ui-testing";
		};
/* End PBXNativeTarget section */

/* Begin PBXProject section */
		2394A8382FC5208100B9FF0C /* Project object */ = {
			isa = PBXProject;
			attributes = {
				BuildIndependentTargetsInParallel = 1;
				LastSwiftUpdateCheck = 1620;
				LastUpgradeCheck = 1620;
				TargetAttributes = {
					2394A8402FC5208100B9FF0C = {
						CreatedOnToolsVersion = 16.2;
					};
					2394A84A2FC5208100B9FF0C = {
						CreatedOnToolsVersion = 16.2;
					};
					2394A8A12FC7FE7200B9FF0C = {
						CreatedOnToolsVersion = 16.2;
					};
					2394A8B12FC7FE7400B9FF0C = {
						CreatedOnToolsVersion = 16.2;
						TestTargetID = 2394A8A12FC7FE7200B9FF0C;
					};
					2394A8BB2FC7FE7400B9FF0C = {
						CreatedOnToolsVersion = 16.2;
						TestTargetID = 2394A8A12FC7FE7200B9FF0C;
					};
				};
			};
			buildConfigurationList = 2394A83B2FC5208100B9FF0C /* Build configuration list for PBXProject "MSALNativeCredManagment" */;
			developmentRegion = en;
			hasScannedForEncodings = 0;
			knownRegions = (
				en,
				Base,
			);
			mainGroup = 2394A8372FC5208100B9FF0C;
			minimizedProjectReferenceProxies = 1;
			packageReferences = (
				2394A8892FC7C14100B9FF0C /* XCLocalSwiftPackageReference "../../../../microsoft-authentication-library-for-objc" */,
				2394A8D52FC8032400B9FF0C /* XCLocalSwiftPackageReference "../MSALNativeCredManagment" */,
			);
			preferredProjectObjectVersion = 77;
			productRefGroup = 2394A8422FC5208100B9FF0C /* Products */;
			projectDirPath = "";
			projectRoot = "";
			targets = (
				2394A8402FC5208100B9FF0C /* MSALNativeCredManagment */,
				2394A84A2FC5208100B9FF0C /* MSALNativeCredManagmentTests */,
				2394A8A12FC7FE7200B9FF0C /* MSALNativeCredManagmentSampleApp */,
				2394A8B12FC7FE7400B9FF0C /* MSALNativeCredManagmentSampleAppTests */,
				2394A8BB2FC7FE7400B9FF0C /* MSALNativeCredManagmentSampleAppUITests */,
			);
		};
/* End PBXProject section */

/* Begin PBXResourcesBuildPhase section */
		2394A83F2FC5208100B9FF0C /* Resources */ = {
			isa = PBXResourcesBuildPhase;
			buildActionMask = 2147483647;
			files = (
			);
			runOnlyForDeploymentPostprocessing = 0;
		};
		2394A8492FC5208100B9FF0C /* Resources */ = {
			isa = PBXResourcesBuildPhase;
			buildActionMask = 2147483647;
			files = (
			);
			runOnlyForDeploymentPostprocessing = 0;
		};
		2394A8A02FC7FE7200B9FF0C /* Resources */ = {
			isa = PBXResourcesBuildPhase;
			buildActionMask = 2147483647;
			files = (
			);
			runOnlyForDeploymentPostprocessing = 0;
		};
		2394A8B02FC7FE7400B9FF0C /* Resources */ = {
			isa = PBXResourcesBuildPhase;
			buildActionMask = 2147483647;
			files = (
			);
			runOnlyForDeploymentPostprocessing = 0;
		};
		2394A8BA2FC7FE7400B9FF0C /* Resources */ = {
			isa = PBXResourcesBuildPhase;
			buildActionMask = 2147483647;
			files = (
			);
			runOnlyForDeploymentPostprocessing = 0;
		};
/* End PBXResourcesBuildPhase section */

/* Begin PBXSourcesBuildPhase section */
		2394A83D2FC5208100B9FF0C /* Sources */ = {
			isa = PBXSourcesBuildPhase;
			buildActionMask = 2147483647;
			files = (
			);
			runOnlyForDeploymentPostprocessing = 0;
		};
		2394A8472FC5208100B9FF0C /* Sources */ = {
			isa = PBXSourcesBuildPhase;
			buildActionMask = 2147483647;
			files = (
			);
			runOnlyForDeploymentPostprocessing = 0;
		};
		2394A89E2FC7FE7200B9FF0C /* Sources */ = {
			isa = PBXSourcesBuildPhase;
			buildActionMask = 2147483647;
			files = (
			);
			runOnlyForDeploymentPostprocessing = 0;
		};
		2394A8AE2FC7FE7400B9FF0C /* Sources */ = {
			isa = PBXSourcesBuildPhase;
			buildActionMask = 2147483647;
			files = (
			);
			runOnlyForDeploymentPostprocessing = 0;
		};
		2394A8B82FC7FE7400B9FF0C /* Sources */ = {
			isa = PBXSourcesBuildPhase;
			buildActionMask = 2147483647;
			files = (
			);
			runOnlyForDeploymentPostprocessing = 0;
		};
/* End PBXSourcesBuildPhase section */

/* Begin PBXTargetDependency section */
		2394A84E2FC5208100B9FF0C /* PBXTargetDependency */ = {
			isa = PBXTargetDependency;
			target = 2394A8402FC5208100B9FF0C /* MSALNativeCredManagment */;
			targetProxy = 2394A84D2FC5208100B9FF0C /* PBXContainerItemProxy */;
		};
		2394A8B42FC7FE7400B9FF0C /* PBXTargetDependency */ = {
			isa = PBXTargetDependency;
			target = 2394A8A12FC7FE7200B9FF0C /* MSALNativeCredManagmentSampleApp */;
			targetProxy = 2394A8B32FC7FE7400B9FF0C /* PBXContainerItemProxy */;
		};
		2394A8BE2FC7FE7400B9FF0C /* PBXTargetDependency */ = {
			isa = PBXTargetDependency;
			target = 2394A8A12FC7FE7200B9FF0C /* MSALNativeCredManagmentSampleApp */;
			targetProxy = 2394A8BD2FC7FE7400B9FF0C /* PBXContainerItemProxy */;
		};
/* End PBXTargetDependency section */

/* Begin XCBuildConfiguration section */
		2394A8552FC5208100B9FF0C /* Debug */ = {
			isa = XCBuildConfiguration;
			buildSettings = {
				ALLOW_TARGET_PLATFORM_SPECIALIZATION = YES;
				BUILD_LIBRARY_FOR_DISTRIBUTION = YES;
				CODE_SIGN_STYLE = Automatic;
				CURRENT_PROJECT_VERSION = 1;
				DEFINES_MODULE = YES;
				DEVELOPMENT_TEAM = UBF8T346G9;
				DYLIB_COMPATIBILITY_VERSION = 1;
				DYLIB_CURRENT_VERSION = 1;
				DYLIB_INSTALL_NAME_BASE = "@rpath";
				ENABLE_MODULE_VERIFIER = YES;
				GENERATE_INFOPLIST_FILE = YES;
				INFOPLIST_KEY_NSHumanReadableCopyright = "";
				INSTALL_PATH = "$(LOCAL_LIBRARY_DIR)/Frameworks";
				IPHONEOS_DEPLOYMENT_TARGET = 18.2;
				LD_RUNPATH_SEARCH_PATHS = (
					"@executable_path/Frameworks",
					"@loader_path/Frameworks",
				);
				"LD_RUNPATH_SEARCH_PATHS[sdk=macosx*]" = (
					"@executable_path/../Frameworks",
					"@loader_path/Frameworks",
				);
				MACOSX_DEPLOYMENT_TARGET = 15.2;
				MARKETING_VERSION = 1.0;
				MODULE_VERIFIER_SUPPORTED_LANGUAGES = "objective-c objective-c++";
				MODULE_VERIFIER_SUPPORTED_LANGUAGE_STANDARDS = "gnu17 gnu++20";
				PRODUCT_BUNDLE_IDENTIFIER = com.microsoft.MSALNativeCredManagment.MSALNativeCredManagment;
				PRODUCT_NAME = "$(TARGET_NAME:c99extidentifier)";
				SDKROOT = auto;
				SKIP_INSTALL = YES;
				SUPPORTED_PLATFORMS = "iphoneos iphonesimulator macosx xros xrsimulator";
				SWIFT_EMIT_LOC_STRINGS = YES;
				SWIFT_INSTALL_OBJC_HEADER = NO;
				SWIFT_VERSION = 5.0;
				TARGETED_DEVICE_FAMILY = "1,2,7";
				XROS_DEPLOYMENT_TARGET = 2.2;
			};
			name = Debug;
		};
		2394A8562FC5208100B9FF0C /* Release */ = {
			isa = XCBuildConfiguration;
			buildSettings = {
				ALLOW_TARGET_PLATFORM_SPECIALIZATION = YES;
				BUILD_LIBRARY_FOR_DISTRIBUTION = YES;
				CODE_SIGN_STYLE = Automatic;
				CURRENT_PROJECT_VERSION = 1;
				DEFINES_MODULE = YES;
				DEVELOPMENT_TEAM = UBF8T346G9;
				DYLIB_COMPATIBILITY_VERSION = 1;
				DYLIB_CURRENT_VERSION = 1;
				DYLIB_INSTALL_NAME_BASE = "@rpath";
				ENABLE_MODULE_VERIFIER = YES;
				GENERATE_INFOPLIST_FILE = YES;
				INFOPLIST_KEY_NSHumanReadableCopyright = "";
				INSTALL_PATH = "$(LOCAL_LIBRARY_DIR)/Frameworks";
				IPHONEOS_DEPLOYMENT_TARGET = 18.2;
				LD_RUNPATH_SEARCH_PATHS = (
					"@executable_path/Frameworks",
					"@loader_path/Frameworks",
				);
				"LD_RUNPATH_SEARCH_PATHS[sdk=macosx*]" = (
					"@executable_path/../Frameworks",
					"@loader_path/Frameworks",
				);
				MACOSX_DEPLOYMENT_TARGET = 15.2;
				MARKETING_VERSION = 1.0;
				MODULE_VERIFIER_SUPPORTED_LANGUAGES = "objective-c objective-c++";
				MODULE_VERIFIER_SUPPORTED_LANGUAGE_STANDARDS = "gnu17 gnu++20";
				PRODUCT_BUNDLE_IDENTIFIER = com.microsoft.MSALNativeCredManagment.MSALNativeCredManagment;
				PRODUCT_NAME = "$(TARGET_NAME:c99extidentifier)";
				SDKROOT = auto;
				SKIP_INSTALL = YES;
				SUPPORTED_PLATFORMS = "iphoneos iphonesimulator macosx xros xrsimulator";
				SWIFT_EMIT_LOC_STRINGS = YES;
				SWIFT_INSTALL_OBJC_HEADER = NO;
				SWIFT_VERSION = 5.0;
				TARGETED_DEVICE_FAMILY = "1,2,7";
				XROS_DEPLOYMENT_TARGET = 2.2;
			};
			name = Release;
		};
		2394A8572FC5208100B9FF0C /* Debug */ = {
			isa = XCBuildConfiguration;
			buildSettings = {
				ALWAYS_SEARCH_USER_PATHS = NO;
				ASSETCATALOG_COMPILER_GENERATE_SWIFT_ASSET_SYMBOL_EXTENSIONS = YES;
				CLANG_ANALYZER_NONNULL = YES;
				CLANG_ANALYZER_NUMBER_OBJECT_CONVERSION = YES_AGGRESSIVE;
				CLANG_CXX_LANGUAGE_STANDARD = "gnu++20";
				CLANG_ENABLE_MODULES = YES;
				CLANG_ENABLE_OBJC_ARC = YES;
				CLANG_ENABLE_OBJC_WEAK = YES;
				CLANG_WARN_BLOCK_CAPTURE_AUTORELEASING = YES;
				CLANG_WARN_BOOL_CONVERSION = YES;
				CLANG_WARN_COMMA = YES;
				CLANG_WARN_CONSTANT_CONVERSION = YES;
				CLANG_WARN_DEPRECATED_OBJC_IMPLEMENTATIONS = YES;
				CLANG_WARN_DIRECT_OBJC_ISA_USAGE = YES_ERROR;
				CLANG_WARN_DOCUMENTATION_COMMENTS = YES;
				CLANG_WARN_EMPTY_BODY = YES;
				CLANG_WARN_ENUM_CONVERSION = YES;
				CLANG_WARN_INFINITE_RECURSION = YES;
				CLANG_WARN_INT_CONVERSION = YES;
				CLANG_WARN_NON_LITERAL_NULL_CONVERSION = YES;
				CLANG_WARN_OBJC_IMPLICIT_RETAIN_SELF = YES;
				CLANG_WARN_OBJC_LITERAL_CONVERSION = YES;
				CLANG_WARN_OBJC_ROOT_CLASS = YES_ERROR;
				CLANG_WARN_QUOTED_INCLUDE_IN_FRAMEWORK_HEADER = YES;
				CLANG_WARN_RANGE_LOOP_ANALYSIS = YES;
				CLANG_WARN_STRICT_PROTOTYPES = YES;
				CLANG_WARN_SUSPICIOUS_MOVE = YES;
				CLANG_WARN_UNGUARDED_AVAILABILITY = YES_AGGRESSIVE;
				CLANG_WARN_UNREACHABLE_CODE = YES;
				CLANG_WARN__DUPLICATE_METHOD_MATCH = YES;
				COPY_PHASE_STRIP = NO;
				CURRENT_PROJECT_VERSION = 1;
				DEBUG_INFORMATION_FORMAT = dwarf;
				ENABLE_STRICT_OBJC_MSGSEND = YES;
				ENABLE_TESTABILITY = YES;
				ENABLE_USER_SCRIPT_SANDBOXING = YES;
				GCC_C_LANGUAGE_STANDARD = gnu17;
				GCC_DYNAMIC_NO_PIC = NO;
				GCC_NO_COMMON_BLOCKS = YES;
				GCC_OPTIMIZATION_LEVEL = 0;
				GCC_PREPROCESSOR_DEFINITIONS = (
					"DEBUG=1",
					"$(inherited)",
				);
				GCC_WARN_64_TO_32_BIT_CONVERSION = YES;
				GCC_WARN_ABOUT_RETURN_TYPE = YES_ERROR;
				GCC_WARN_UNDECLARED_SELECTOR = YES;
				GCC_WARN_UNINITIALIZED_AUTOS = YES_AGGRESSIVE;
				GCC_WARN_UNUSED_FUNCTION = YES;
				GCC_WARN_UNUSED_VARIABLE = YES;
				LOCALIZATION_PREFERS_STRING_CATALOGS = YES;
				MTL_ENABLE_DEBUG_INFO = INCLUDE_SOURCE;
				MTL_FAST_MATH = YES;
				ONLY_ACTIVE_ARCH = YES;
				SWIFT_ACTIVE_COMPILATION_CONDITIONS = "DEBUG $(inherited)";
				SWIFT_OPTIMIZATION_LEVEL = "-Onone";
				VERSIONING_SYSTEM = "apple-generic";
				VERSION_INFO_PREFIX = "";
			};
			name = Debug;
		};
		2394A8582FC5208100B9FF0C /* Release */ = {
			isa = XCBuildConfiguration;
			buildSettings = {
				ALWAYS_SEARCH_USER_PATHS = NO;
				ASSETCATALOG_COMPILER_GENERATE_SWIFT_ASSET_SYMBOL_EXTENSIONS = YES;
				CLANG_ANALYZER_NONNULL = YES;
				CLANG_ANALYZER_NUMBER_OBJECT_CONVERSION = YES_AGGRESSIVE;
				CLANG_CXX_LANGUAGE_STANDARD = "gnu++20";
				CLANG_ENABLE_MODULES = YES;
				CLANG_ENABLE_OBJC_ARC = YES;
				CLANG_ENABLE_OBJC_WEAK = YES;
				CLANG_WARN_BLOCK_CAPTURE_AUTORELEASING = YES;
				CLANG_WARN_BOOL_CONVERSION = YES;
				CLANG_WARN_COMMA = YES;
				CLANG_WARN_CONSTANT_CONVERSION = YES;
				CLANG_WARN_DEPRECATED_OBJC_IMPLEMENTATIONS = YES;
				CLANG_WARN_DIRECT_OBJC_ISA_USAGE = YES_ERROR;
				CLANG_WARN_DOCUMENTATION_COMMENTS = YES;
				CLANG_WARN_EMPTY_BODY = YES;
				CLANG_WARN_ENUM_CONVERSION = YES;
				CLANG_WARN_INFINITE_RECURSION = YES;
				CLANG_WARN_INT_CONVERSION = YES;
				CLANG_WARN_NON_LITERAL_NULL_CONVERSION = YES;
				CLANG_WARN_OBJC_IMPLICIT_RETAIN_SELF = YES;
				CLANG_WARN_OBJC_LITERAL_CONVERSION = YES;
				CLANG_WARN_OBJC_ROOT_CLASS = YES_ERROR;
				CLANG_WARN_QUOTED_INCLUDE_IN_FRAMEWORK_HEADER = YES;
				CLANG_WARN_RANGE_LOOP_ANALYSIS = YES;
				CLANG_WARN_STRICT_PROTOTYPES = YES;
				CLANG_WARN_SUSPICIOUS_MOVE = YES;
				CLANG_WARN_UNGUARDED_AVAILABILITY = YES_AGGRESSIVE;
				CLANG_WARN_UNREACHABLE_CODE = YES;
				CLANG_WARN__DUPLICATE_METHOD_MATCH = YES;
				COPY_PHASE_STRIP = NO;
				CURRENT_PROJECT_VERSION = 1;
				DEBUG_INFORMATION_FORMAT = "dwarf-with-dsym";
				ENABLE_NS_ASSERTIONS = NO;
				ENABLE_STRICT_OBJC_MSGSEND = YES;
				ENABLE_USER_SCRIPT_SANDBOXING = YES;
				GCC_C_LANGUAGE_STANDARD = gnu17;
				GCC_NO_COMMON_BLOCKS = YES;
				GCC_WARN_64_TO_32_BIT_CONVERSION = YES;
				GCC_WARN_ABOUT_RETURN_TYPE = YES_ERROR;
				GCC_WARN_UNDECLARED_SELECTOR = YES;
				GCC_WARN_UNINITIALIZED_AUTOS = YES_AGGRESSIVE;
				GCC_WARN_UNUSED_FUNCTION = YES;
				GCC_WARN_UNUSED_VARIABLE = YES;
				LOCALIZATION_PREFERS_STRING_CATALOGS = YES;
				MTL_ENABLE_DEBUG_INFO = NO;
				MTL_FAST_MATH = YES;
				SWIFT_COMPILATION_MODE = wholemodule;
				VERSIONING_SYSTEM = "apple-generic";
				VERSION_INFO_PREFIX = "";
			};
			name = Release;
		};
		2394A85A2FC5208100B9FF0C /* Debug */ = {
			isa = XCBuildConfiguration;
			buildSettings = {
				ALLOW_TARGET_PLATFORM_SPECIALIZATION = YES;
				CODE_SIGN_STYLE = Automatic;
				CURRENT_PROJECT_VERSION = 1;
				DEVELOPMENT_TEAM = UBF8T346G9;
				GENERATE_INFOPLIST_FILE = YES;
				IPHONEOS_DEPLOYMENT_TARGET = 18.2;
				MACOSX_DEPLOYMENT_TARGET = 15.2;
				MARKETING_VERSION = 1.0;
				PRODUCT_BUNDLE_IDENTIFIER = com.microsoft.MSALNativeCredManagment.MSALNativeCredManagmentTests;
				PRODUCT_NAME = "$(TARGET_NAME)";
				SDKROOT = auto;
				SUPPORTED_PLATFORMS = "iphoneos iphonesimulator macosx xros xrsimulator";
				SWIFT_EMIT_LOC_STRINGS = NO;
				SWIFT_VERSION = 5.0;
				TARGETED_DEVICE_FAMILY = "1,2,7";
				XROS_DEPLOYMENT_TARGET = 2.2;
			};
			name = Debug;
		};
		2394A85B2FC5208100B9FF0C /* Release */ = {
			isa = XCBuildConfiguration;
			buildSettings = {
				ALLOW_TARGET_PLATFORM_SPECIALIZATION = YES;
				CODE_SIGN_STYLE = Automatic;
				CURRENT_PROJECT_VERSION = 1;
				DEVELOPMENT_TEAM = UBF8T346G9;
				GENERATE_INFOPLIST_FILE = YES;
				IPHONEOS_DEPLOYMENT_TARGET = 18.2;
				MACOSX_DEPLOYMENT_TARGET = 15.2;
				MARKETING_VERSION = 1.0;
				PRODUCT_BUNDLE_IDENTIFIER = com.microsoft.MSALNativeCredManagment.MSALNativeCredManagmentTests;
				PRODUCT_NAME = "$(TARGET_NAME)";
				SDKROOT = auto;
				SUPPORTED_PLATFORMS = "iphoneos iphonesimulator macosx xros xrsimulator";
				SWIFT_EMIT_LOC_STRINGS = NO;
				SWIFT_VERSION = 5.0;
				TARGETED_DEVICE_FAMILY = "1,2,7";
				XROS_DEPLOYMENT_TARGET = 2.2;
			};
			name = Release;
		};
		2394A8C52FC7FE7400B9FF0C /* Debug */ = {
			isa = XCBuildConfiguration;
			buildSettings = {
				ASSETCATALOG_COMPILER_APPICON_NAME = AppIcon;
				ASSETCATALOG_COMPILER_GLOBAL_ACCENT_COLOR_NAME = AccentColor;
				CODE_SIGN_ENTITLEMENTS = MSALNativeCredManagmentSampleApp/MSALNativeCredManagmentSampleApp.entitlements;
				CODE_SIGN_STYLE = Automatic;
				CURRENT_PROJECT_VERSION = 1;
				DEVELOPMENT_ASSET_PATHS = "\"MSALNativeCredManagmentSampleApp/Preview Content\"";
				DEVELOPMENT_TEAM = UBF8T346G9;
				ENABLE_HARDENED_RUNTIME = YES;
				ENABLE_PREVIEWS = YES;
				GENERATE_INFOPLIST_FILE = YES;
				"INFOPLIST_KEY_UIApplicationSceneManifest_Generation[sdk=iphoneos*]" = YES;
				"INFOPLIST_KEY_UIApplicationSceneManifest_Generation[sdk=iphonesimulator*]" = YES;
				"INFOPLIST_KEY_UIApplicationSupportsIndirectInputEvents[sdk=iphoneos*]" = YES;
				"INFOPLIST_KEY_UIApplicationSupportsIndirectInputEvents[sdk=iphonesimulator*]" = YES;
				"INFOPLIST_KEY_UILaunchScreen_Generation[sdk=iphoneos*]" = YES;
				"INFOPLIST_KEY_UILaunchScreen_Generation[sdk=iphonesimulator*]" = YES;
				"INFOPLIST_KEY_UIStatusBarStyle[sdk=iphoneos*]" = UIStatusBarStyleDefault;
				"INFOPLIST_KEY_UIStatusBarStyle[sdk=iphonesimulator*]" = UIStatusBarStyleDefault;
				INFOPLIST_KEY_UISupportedInterfaceOrientations_iPad = "UIInterfaceOrientationPortrait UIInterfaceOrientationPortraitUpsideDown UIInterfaceOrientationLandscapeLeft UIInterfaceOrientationLandscapeRight";
				INFOPLIST_KEY_UISupportedInterfaceOrientations_iPhone = "UIInterfaceOrientationPortrait UIInterfaceOrientationLandscapeLeft UIInterfaceOrientationLandscapeRight";
				IPHONEOS_DEPLOYMENT_TARGET = 18.2;
				LD_RUNPATH_SEARCH_PATHS = "@executable_path/Frameworks";
				"LD_RUNPATH_SEARCH_PATHS[sdk=macosx*]" = "@executable_path/../Frameworks";
				MACOSX_DEPLOYMENT_TARGET = 15.2;
				MARKETING_VERSION = 1.0;
				PRODUCT_BUNDLE_IDENTIFIER = com.microsoft.azureauthenticator;
				PRODUCT_NAME = "$(TARGET_NAME)";
				SDKROOT = auto;
				SUPPORTED_PLATFORMS = "iphoneos iphonesimulator macosx xros xrsimulator";
				SWIFT_EMIT_LOC_STRINGS = YES;
				SWIFT_VERSION = 5.0;
				TARGETED_DEVICE_FAMILY = "1,2,7";
				XROS_DEPLOYMENT_TARGET = 2.2;
			};
			name = Debug;
		};
		2394A8C62FC7FE7400B9FF0C /* Release */ = {
			isa = XCBuildConfiguration;
			buildSettings = {
				ASSETCATALOG_COMPILER_APPICON_NAME = AppIcon;
				ASSETCATALOG_COMPILER_GLOBAL_ACCENT_COLOR_NAME = AccentColor;
				CODE_SIGN_ENTITLEMENTS = MSALNativeCredManagmentSampleApp/MSALNativeCredManagmentSampleApp.entitlements;
				CODE_SIGN_STYLE = Automatic;
				CURRENT_PROJECT_VERSION = 1;
				DEVELOPMENT_ASSET_PATHS = "\"MSALNativeCredManagmentSampleApp/Preview Content\"";
				DEVELOPMENT_TEAM = UBF8T346G9;
				ENABLE_HARDENED_RUNTIME = YES;
				ENABLE_PREVIEWS = YES;
				GENERATE_INFOPLIST_FILE = YES;
				"INFOPLIST_KEY_UIApplicationSceneManifest_Generation[sdk=iphoneos*]" = YES;
				"INFOPLIST_KEY_UIApplicationSceneManifest_Generation[sdk=iphonesimulator*]" = YES;
				"INFOPLIST_KEY_UIApplicationSupportsIndirectInputEvents[sdk=iphoneos*]" = YES;
				"INFOPLIST_KEY_UIApplicationSupportsIndirectInputEvents[sdk=iphonesimulator*]" = YES;
				"INFOPLIST_KEY_UILaunchScreen_Generation[sdk=iphoneos*]" = YES;
				"INFOPLIST_KEY_UILaunchScreen_Generation[sdk=iphonesimulator*]" = YES;
				"INFOPLIST_KEY_UIStatusBarStyle[sdk=iphoneos*]" = UIStatusBarStyleDefault;
				"INFOPLIST_KEY_UIStatusBarStyle[sdk=iphonesimulator*]" = UIStatusBarStyleDefault;
				INFOPLIST_KEY_UISupportedInterfaceOrientations_iPad = "UIInterfaceOrientationPortrait UIInterfaceOrientationPortraitUpsideDown UIInterfaceOrientationLandscapeLeft UIInterfaceOrientationLandscapeRight";
				INFOPLIST_KEY_UISupportedInterfaceOrientations_iPhone = "UIInterfaceOrientationPortrait UIInterfaceOrientationLandscapeLeft UIInterfaceOrientationLandscapeRight";
				IPHONEOS_DEPLOYMENT_TARGET = 18.2;
				LD_RUNPATH_SEARCH_PATHS = "@executable_path/Frameworks";
				"LD_RUNPATH_SEARCH_PATHS[sdk=macosx*]" = "@executable_path/../Frameworks";
				MACOSX_DEPLOYMENT_TARGET = 15.2;
				MARKETING_VERSION = 1.0;
				PRODUCT_BUNDLE_IDENTIFIER = com.microsoft.azureauthenticator;
				PRODUCT_NAME = "$(TARGET_NAME)";
				SDKROOT = auto;
				SUPPORTED_PLATFORMS = "iphoneos iphonesimulator macosx xros xrsimulator";
				SWIFT_EMIT_LOC_STRINGS = YES;
				SWIFT_VERSION = 5.0;
				TARGETED_DEVICE_FAMILY = "1,2,7";
				XROS_DEPLOYMENT_TARGET = 2.2;
			};
			name = Release;
		};
		2394A8C82FC7FE7400B9FF0C /* Debug */ = {
			isa = XCBuildConfiguration;
			buildSettings = {
				BUNDLE_LOADER = "$(TEST_HOST)";
				CODE_SIGN_STYLE = Automatic;
				CURRENT_PROJECT_VERSION = 1;
				DEVELOPMENT_TEAM = UBF8T346G9;
				GENERATE_INFOPLIST_FILE = YES;
				IPHONEOS_DEPLOYMENT_TARGET = 18.2;
				MACOSX_DEPLOYMENT_TARGET = 15.2;
				MARKETING_VERSION = 1.0;
				PRODUCT_BUNDLE_IDENTIFIER = com.microsoft.MSALNativeCredManagment.MSALNativeCredManagmentSampleAppTests;
				PRODUCT_NAME = "$(TARGET_NAME)";
				SDKROOT = auto;
				SUPPORTED_PLATFORMS = "iphoneos iphonesimulator macosx xros xrsimulator";
				SWIFT_EMIT_LOC_STRINGS = NO;
				SWIFT_VERSION = 5.0;
				TARGETED_DEVICE_FAMILY = "1,2,7";
				TEST_HOST = "$(BUILT_PRODUCTS_DIR)/MSALNativeCredManagmentSampleApp.app/$(BUNDLE_EXECUTABLE_FOLDER_PATH)/MSALNativeCredManagmentSampleApp";
				XROS_DEPLOYMENT_TARGET = 2.2;
			};
			name = Debug;
		};
		2394A8C92FC7FE7400B9FF0C /* Release */ = {
			isa = XCBuildConfiguration;
			buildSettings = {
				BUNDLE_LOADER = "$(TEST_HOST)";
				CODE_SIGN_STYLE = Automatic;
				CURRENT_PROJECT_VERSION = 1;
				DEVELOPMENT_TEAM = UBF8T346G9;
				GENERATE_INFOPLIST_FILE = YES;
				IPHONEOS_DEPLOYMENT_TARGET = 18.2;
				MACOSX_DEPLOYMENT_TARGET = 15.2;
				MARKETING_VERSION = 1.0;
				PRODUCT_BUNDLE_IDENTIFIER = com.microsoft.MSALNativeCredManagment.MSALNativeCredManagmentSampleAppTests;
				PRODUCT_NAME = "$(TARGET_NAME)";
				SDKROOT = auto;
				SUPPORTED_PLATFORMS = "iphoneos iphonesimulator macosx xros xrsimulator";
				SWIFT_EMIT_LOC_STRINGS = NO;
				SWIFT_VERSION = 5.0;
				TARGETED_DEVICE_FAMILY = "1,2,7";
				TEST_HOST = "$(BUILT_PRODUCTS_DIR)/MSALNativeCredManagmentSampleApp.app/$(BUNDLE_EXECUTABLE_FOLDER_PATH)/MSALNativeCredManagmentSampleApp";
				XROS_DEPLOYMENT_TARGET = 2.2;
			};
			name = Release;
		};
		2394A8CB2FC7FE7400B9FF0C /* Debug */ = {
			isa = XCBuildConfiguration;
			buildSettings = {
				CODE_SIGN_STYLE = Automatic;
				CURRENT_PROJECT_VERSION = 1;
				DEVELOPMENT_TEAM = UBF8T346G9;
				GENERATE_INFOPLIST_FILE = YES;
				IPHONEOS_DEPLOYMENT_TARGET = 18.2;
				MACOSX_DEPLOYMENT_TARGET = 15.2;
				MARKETING_VERSION = 1.0;
				PRODUCT_BUNDLE_IDENTIFIER = com.microsoft.MSALNativeCredManagment.MSALNativeCredManagmentSampleAppUITests;
				PRODUCT_NAME = "$(TARGET_NAME)";
				SDKROOT = auto;
				SUPPORTED_PLATFORMS = "iphoneos iphonesimulator macosx xros xrsimulator";
				SWIFT_EMIT_LOC_STRINGS = NO;
				SWIFT_VERSION = 5.0;
				TARGETED_DEVICE_FAMILY = "1,2,7";
				TEST_TARGET_NAME = MSALNativeCredManagmentSampleApp;
				XROS_DEPLOYMENT_TARGET = 2.2;
			};
			name = Debug;
		};
		2394A8CC2FC7FE7400B9FF0C /* Release */ = {
			isa = XCBuildConfiguration;
			buildSettings = {
				CODE_SIGN_STYLE = Automatic;
				CURRENT_PROJECT_VERSION = 1;
				DEVELOPMENT_TEAM = UBF8T346G9;
				GENERATE_INFOPLIST_FILE = YES;
				IPHONEOS_DEPLOYMENT_TARGET = 18.2;
				MACOSX_DEPLOYMENT_TARGET = 15.2;
				MARKETING_VERSION = 1.0;
				PRODUCT_BUNDLE_IDENTIFIER = com.microsoft.MSALNativeCredManagment.MSALNativeCredManagmentSampleAppUITests;
				PRODUCT_NAME = "$(TARGET_NAME)";
				SDKROOT = auto;
				SUPPORTED_PLATFORMS = "iphoneos iphonesimulator macosx xros xrsimulator";
				SWIFT_EMIT_LOC_STRINGS = NO;
				SWIFT_VERSION = 5.0;
				TARGETED_DEVICE_FAMILY = "1,2,7";
				TEST_TARGET_NAME = MSALNativeCredManagmentSampleApp;
				XROS_DEPLOYMENT_TARGET = 2.2;
			};
			name = Release;
		};
/* End XCBuildConfiguration section */

/* Begin XCConfigurationList section */
		2394A83B2FC5208100B9FF0C /* Build configuration list for PBXProject "MSALNativeCredManagment" */ = {
			isa = XCConfigurationList;
			buildConfigurations = (
				2394A8572FC5208100B9FF0C /* Debug */,
				2394A8582FC5208100B9FF0C /* Release */,
			);
			defaultConfigurationIsVisible = 0;
			defaultConfigurationName = Release;
		};
		2394A8542FC5208100B9FF0C /* Build configuration list for PBXNativeTarget "MSALNativeCredManagment" */ = {
			isa = XCConfigurationList;
			buildConfigurations = (
				2394A8552FC5208100B9FF0C /* Debug */,
				2394A8562FC5208100B9FF0C /* Release */,
			);
			defaultConfigurationIsVisible = 0;
			defaultConfigurationName = Release;
		};
		2394A8592FC5208100B9FF0C /* Build configuration list for PBXNativeTarget "MSALNativeCredManagmentTests" */ = {
			isa = XCConfigurationList;
			buildConfigurations = (
				2394A85A2FC5208100B9FF0C /* Debug */,
				2394A85B2FC5208100B9FF0C /* Release */,
			);
			defaultConfigurationIsVisible = 0;
			defaultConfigurationName = Release;
		};
		2394A8C42FC7FE7400B9FF0C /* Build configuration list for PBXNativeTarget "MSALNativeCredManagmentSampleApp" */ = {
			isa = XCConfigurationList;
			buildConfigurations = (
				2394A8C52FC7FE7400B9FF0C /* Debug */,
				2394A8C62FC7FE7400B9FF0C /* Release */,
			);
			defaultConfigurationIsVisible = 0;
			defaultConfigurationName = Release;
		};
		2394A8C72FC7FE7400B9FF0C /* Build configuration list for PBXNativeTarget "MSALNativeCredManagmentSampleAppTests" */ = {
			isa = XCConfigurationList;
			buildConfigurations = (
				2394A8C82FC7FE7400B9FF0C /* Debug */,
				2394A8C92FC7FE7400B9FF0C /* Release */,
			);
			defaultConfigurationIsVisible = 0;
			defaultConfigurationName = Release;
		};
		2394A8CA2FC7FE7400B9FF0C /* Build configuration list for PBXNativeTarget "MSALNativeCredManagmentSampleAppUITests" */ = {
			isa = XCConfigurationList;
			buildConfigurations = (
				2394A8CB2FC7FE7400B9FF0C /* Debug */,
				2394A8CC2FC7FE7400B9FF0C /* Release */,
			);
			defaultConfigurationIsVisible = 0;
			defaultConfigurationName = Release;
		};
/* End XCConfigurationList section */

/* Begin XCLocalSwiftPackageReference section */
		2394A8892FC7C14100B9FF0C /* XCLocalSwiftPackageReference "../../../../microsoft-authentication-library-for-objc" */ = {
			isa = XCLocalSwiftPackageReference;
			relativePath = "../../../../microsoft-authentication-library-for-objc";
		};
		2394A8D52FC8032400B9FF0C /* XCLocalSwiftPackageReference "../MSALNativeCredManagment" */ = {
			isa = XCLocalSwiftPackageReference;
			relativePath = ../MSALNativeCredManagment;
		};
/* End XCLocalSwiftPackageReference section */

/* Begin XCSwiftPackageProductDependency section */
		2394A88A2FC7C14100B9FF0C /* MSAL */ = {
			isa = XCSwiftPackageProductDependency;
			productName = MSAL;
		};
		2394A8D62FC8032400B9FF0C /* MSALNativeCredManagment */ = {
			isa = XCSwiftPackageProductDependency;
			productName = MSALNativeCredManagment;
		};
/* End XCSwiftPackageProductDependency section */
	};
	rootObject = 2394A8382FC5208100B9FF0C /* Project object */;
}
